// !$*UTF8*$!
{
	archiveVersion = 1;
	classes = {
	};
	objectVersion = 56;
	objects = {

/* Begin PBXBuildFile section */
		6C5C05CA29EA5F8300C1522A /* categories.json in Resources */ = {isa = PBXBuildFile; fileRef = 6C5C05C929EA5F8300C1522A /* categories.json */; };
		6C5C05CC29EA5F8D00C1522A /* transactions.json in Resources */ = {isa = PBXBuildFile; fileRef = 6C5C05CB29EA5F8D00C1522A /* transactions.json */; };
		6C5E095E29AA8ADF0012C0FF /* MainApp.swift in Sources */ = {isa = PBXBuildFile; fileRef = 6C5E095D29AA8ADF0012C0FF /* MainApp.swift */; };
		6C5E096229AA8AE00012C0FF /* Assets.xcassets in Resources */ = {isa = PBXBuildFile; fileRef = 6C5E096129AA8AE00012C0FF /* Assets.xcassets */; };
		6C5E096629AA8AE00012C0FF /* Preview Assets.xcassets in Resources */ = {isa = PBXBuildFile; fileRef = 6C5E096529AA8AE00012C0FF /* Preview Assets.xcassets */; };
		6C5E096E29AA8B210012C0FF /* AppDelegate.swift in Sources */ = {isa = PBXBuildFile; fileRef = 6C5E096D29AA8B210012C0FF /* AppDelegate.swift */; };
		6C7868B529AAF41E000C27FF /* RefdsUI in Frameworks */ = {isa = PBXBuildFile; productRef = 6C7868B429AAF41E000C27FF /* RefdsUI */; };
		6C7868C929AAF733000C27FF /* Core in Frameworks */ = {isa = PBXBuildFile; productRef = 6C7868C829AAF733000C27FF /* Core */; };
		6C7868CB29AAF758000C27FF /* Domain in Frameworks */ = {isa = PBXBuildFile; productRef = 6C7868CA29AAF758000C27FF /* Domain */; };
		6C7868CD29AAF758000C27FF /* UserInterface in Frameworks */ = {isa = PBXBuildFile; productRef = 6C7868CC29AAF758000C27FF /* UserInterface */; };
		6CB79F4E29E6884F00FA2330 /* Mock.swift in Sources */ = {isa = PBXBuildFile; fileRef = 6CB79F4B29E6884F00FA2330 /* Mock.swift */; };
		6CC3B5E329BF975F0051C036 /* WidgetKit.framework in Frameworks */ = {isa = PBXBuildFile; fileRef = 6CC3B5C529BF94100051C036 /* WidgetKit.framework */; };
		6CC3B5E429BF975F0051C036 /* SwiftUI.framework in Frameworks */ = {isa = PBXBuildFile; fileRef = 6CC3B5C729BF94100051C036 /* SwiftUI.framework */; };
		6CC3B5E729BF975F0051C036 /* BudgetWidgetBundle.swift in Sources */ = {isa = PBXBuildFile; fileRef = 6CC3B5E629BF975F0051C036 /* BudgetWidgetBundle.swift */; };
		6CC3B5E929BF975F0051C036 /* BudgetWidgetLiveActivity.swift in Sources */ = {isa = PBXBuildFile; fileRef = 6CC3B5E829BF975F0051C036 /* BudgetWidgetLiveActivity.swift */; };
		6CC3B5EB29BF975F0051C036 /* BudgetWidget.swift in Sources */ = {isa = PBXBuildFile; fileRef = 6CC3B5EA29BF975F0051C036 /* BudgetWidget.swift */; };
		6CC3B5EE29BF97630051C036 /* Assets.xcassets in Resources */ = {isa = PBXBuildFile; fileRef = 6CC3B5ED29BF97630051C036 /* Assets.xcassets */; };
		6CC3B5F029BF97630051C036 /* BudgetWidget.intentdefinition in Sources */ = {isa = PBXBuildFile; fileRef = 6CC3B5EC29BF975F0051C036 /* BudgetWidget.intentdefinition */; };
		6CC3B5F129BF97630051C036 /* BudgetWidget.intentdefinition in Sources */ = {isa = PBXBuildFile; fileRef = 6CC3B5EC29BF975F0051C036 /* BudgetWidget.intentdefinition */; };
		6CC3B5F429BF97630051C036 /* BudgetWidgetExtension.appex in Embed Foundation Extensions */ = {isa = PBXBuildFile; fileRef = 6CC3B5E229BF975F0051C036 /* BudgetWidgetExtension.appex */; settings = {ATTRIBUTES = (RemoveHeadersOnCopy, ); }; };
		6CC3B5FA29BF9E180051C036 /* RefdsUI in Frameworks */ = {isa = PBXBuildFile; productRef = 6CC3B5F929BF9E180051C036 /* RefdsUI */; };
		6CC3B5FF29BF9ED50051C036 /* RefdsCore in Frameworks */ = {isa = PBXBuildFile; productRef = 6CC3B5FE29BF9ED50051C036 /* RefdsCore */; };
		6CC3B60729BFA1060051C036 /* Presentation in Frameworks */ = {isa = PBXBuildFile; productRef = 6CC3B60629BFA1060051C036 /* Presentation */; };
		6CC3B63429BFD2CE0051C036 /* UserInterface in Frameworks */ = {isa = PBXBuildFile; productRef = 6CC3B63329BFD2CE0051C036 /* UserInterface */; };
		6CC3B63629C0404F0051C036 /* Domain in Frameworks */ = {isa = PBXBuildFile; productRef = 6CC3B63529C0404F0051C036 /* Domain */; };
/* End PBXBuildFile section */

/* Begin PBXContainerItemProxy section */
		6CC3B5F229BF97630051C036 /* PBXContainerItemProxy */ = {
			isa = PBXContainerItemProxy;
			containerPortal = 6C5E095229AA8ADF0012C0FF /* Project object */;
			proxyType = 1;
			remoteGlobalIDString = 6CC3B5E129BF975F0051C036;
			remoteInfo = BudgetWidgetExtension;
		};
/* End PBXContainerItemProxy section */

/* Begin PBXCopyFilesBuildPhase section */
		6C7868C229AAF41E000C27FF /* Embed Frameworks */ = {
			isa = PBXCopyFilesBuildPhase;
			buildActionMask = 2147483647;
			dstPath = "";
			dstSubfolderSpec = 10;
			files = (
			);
			name = "Embed Frameworks";
			runOnlyForDeploymentPostprocessing = 0;
		};
		6CC3B5DA29BF94150051C036 /* Embed Foundation Extensions */ = {
			isa = PBXCopyFilesBuildPhase;
			buildActionMask = 2147483647;
			dstPath = "";
			dstSubfolderSpec = 13;
			files = (
				6CC3B5F429BF97630051C036 /* BudgetWidgetExtension.appex in Embed Foundation Extensions */,
			);
			name = "Embed Foundation Extensions";
			runOnlyForDeploymentPostprocessing = 0;
		};
/* End PBXCopyFilesBuildPhase section */

/* Begin PBXFileReference section */
		6C5C05C929EA5F8300C1522A /* categories.json */ = {isa = PBXFileReference; fileEncoding = 4; lastKnownFileType = text.json; path = categories.json; sourceTree = "<group>"; };
		6C5C05CB29EA5F8D00C1522A /* transactions.json */ = {isa = PBXFileReference; fileEncoding = 4; lastKnownFileType = text.json; path = transactions.json; sourceTree = "<group>"; };
		6C5E095A29AA8ADF0012C0FF /* Main.app */ = {isa = PBXFileReference; explicitFileType = wrapper.application; includeInIndex = 0; path = Main.app; sourceTree = BUILT_PRODUCTS_DIR; };
		6C5E095D29AA8ADF0012C0FF /* MainApp.swift */ = {isa = PBXFileReference; lastKnownFileType = sourcecode.swift; path = MainApp.swift; sourceTree = "<group>"; };
		6C5E096129AA8AE00012C0FF /* Assets.xcassets */ = {isa = PBXFileReference; lastKnownFileType = folder.assetcatalog; path = Assets.xcassets; sourceTree = "<group>"; };
		6C5E096329AA8AE00012C0FF /* Main.entitlements */ = {isa = PBXFileReference; lastKnownFileType = text.plist.entitlements; path = Main.entitlements; sourceTree = "<group>"; };
		6C5E096529AA8AE00012C0FF /* Preview Assets.xcassets */ = {isa = PBXFileReference; lastKnownFileType = folder.assetcatalog; path = "Preview Assets.xcassets"; sourceTree = "<group>"; };
		6C5E096D29AA8B210012C0FF /* AppDelegate.swift */ = {isa = PBXFileReference; lastKnownFileType = sourcecode.swift; path = AppDelegate.swift; sourceTree = "<group>"; };
		6CB79F4B29E6884F00FA2330 /* Mock.swift */ = {isa = PBXFileReference; fileEncoding = 4; lastKnownFileType = sourcecode.swift; path = Mock.swift; sourceTree = "<group>"; };
		6CC3B5C529BF94100051C036 /* WidgetKit.framework */ = {isa = PBXFileReference; lastKnownFileType = wrapper.framework; name = WidgetKit.framework; path = System/Library/Frameworks/WidgetKit.framework; sourceTree = SDKROOT; };
		6CC3B5C729BF94100051C036 /* SwiftUI.framework */ = {isa = PBXFileReference; lastKnownFileType = wrapper.framework; name = SwiftUI.framework; path = System/Library/Frameworks/SwiftUI.framework; sourceTree = SDKROOT; };
		6CC3B5E229BF975F0051C036 /* BudgetWidgetExtension.appex */ = {isa = PBXFileReference; explicitFileType = "wrapper.app-extension"; includeInIndex = 0; path = BudgetWidgetExtension.appex; sourceTree = BUILT_PRODUCTS_DIR; };
		6CC3B5E629BF975F0051C036 /* BudgetWidgetBundle.swift */ = {isa = PBXFileReference; lastKnownFileType = sourcecode.swift; path = BudgetWidgetBundle.swift; sourceTree = "<group>"; };
		6CC3B5E829BF975F0051C036 /* BudgetWidgetLiveActivity.swift */ = {isa = PBXFileReference; lastKnownFileType = sourcecode.swift; path = BudgetWidgetLiveActivity.swift; sourceTree = "<group>"; };
		6CC3B5EA29BF975F0051C036 /* BudgetWidget.swift */ = {isa = PBXFileReference; lastKnownFileType = sourcecode.swift; path = BudgetWidget.swift; sourceTree = "<group>"; };
		6CC3B5EC29BF975F0051C036 /* BudgetWidget.intentdefinition */ = {isa = PBXFileReference; lastKnownFileType = file.intentdefinition; path = BudgetWidget.intentdefinition; sourceTree = "<group>"; };
		6CC3B5ED29BF97630051C036 /* Assets.xcassets */ = {isa = PBXFileReference; lastKnownFileType = folder.assetcatalog; path = Assets.xcassets; sourceTree = "<group>"; };
		6CC3B5EF29BF97630051C036 /* Info.plist */ = {isa = PBXFileReference; lastKnownFileType = text.plist.xml; path = Info.plist; sourceTree = "<group>"; };
		6CC3B5F529BF97630051C036 /* BudgetWidgetExtension.entitlements */ = {isa = PBXFileReference; lastKnownFileType = text.plist.entitlements; path = BudgetWidgetExtension.entitlements; sourceTree = "<group>"; };
		6CC3B60A29BFAF1E0051C036 /* Info.plist */ = {isa = PBXFileReference; lastKnownFileType = text.plist; path = Info.plist; sourceTree = "<group>"; };
		6CC3B61029BFAFCC0051C036 /* Intents.framework */ = {isa = PBXFileReference; lastKnownFileType = wrapper.framework; name = Intents.framework; path = System/Library/Frameworks/Intents.framework; sourceTree = SDKROOT; };
		6CC3B61B29BFAFCD0051C036 /* IntentsUI.framework */ = {isa = PBXFileReference; lastKnownFileType = wrapper.framework; name = IntentsUI.framework; path = System/Library/Frameworks/IntentsUI.framework; sourceTree = SDKROOT; };
/* End PBXFileReference section */

/* Begin PBXFrameworksBuildPhase section */
		6C5E095729AA8ADF0012C0FF /* Frameworks */ = {
			isa = PBXFrameworksBuildPhase;
			buildActionMask = 2147483647;
			files = (
				6CC3B5FF29BF9ED50051C036 /* RefdsCore in Frameworks */,
				6C7868CB29AAF758000C27FF /* Domain in Frameworks */,
				6C7868CD29AAF758000C27FF /* UserInterface in Frameworks */,
				6C7868B529AAF41E000C27FF /* RefdsUI in Frameworks */,
				6C7868C929AAF733000C27FF /* Core in Frameworks */,
			);
			runOnlyForDeploymentPostprocessing = 0;
		};
		6CC3B5DF29BF975F0051C036 /* Frameworks */ = {
			isa = PBXFrameworksBuildPhase;
			buildActionMask = 2147483647;
			files = (
				6CC3B63629C0404F0051C036 /* Domain in Frameworks */,
				6CC3B60729BFA1060051C036 /* Presentation in Frameworks */,
				6CC3B63429BFD2CE0051C036 /* UserInterface in Frameworks */,
				6CC3B5FA29BF9E180051C036 /* RefdsUI in Frameworks */,
				6CC3B5E429BF975F0051C036 /* SwiftUI.framework in Frameworks */,
				6CC3B5E329BF975F0051C036 /* WidgetKit.framework in Frameworks */,
			);
			runOnlyForDeploymentPostprocessing = 0;
		};
/* End PBXFrameworksBuildPhase section */

/* Begin PBXGroup section */
		6C5E095129AA8ADF0012C0FF = {
			isa = PBXGroup;
			children = (
				6CC3B5F529BF97630051C036 /* BudgetWidgetExtension.entitlements */,
				6C5E095C29AA8ADF0012C0FF /* Main */,
				6CC3B5E529BF975F0051C036 /* BudgetWidget */,
				6C5E095B29AA8ADF0012C0FF /* Products */,
				6C5E097029AA8C030012C0FF /* Frameworks */,
			);
			sourceTree = "<group>";
		};
		6C5E095B29AA8ADF0012C0FF /* Products */ = {
			isa = PBXGroup;
			children = (
				6C5E095A29AA8ADF0012C0FF /* Main.app */,
				6CC3B5E229BF975F0051C036 /* BudgetWidgetExtension.appex */,
			);
			name = Products;
			sourceTree = "<group>";
		};
		6C5E095C29AA8ADF0012C0FF /* Main */ = {
			isa = PBXGroup;
			children = (
				6C5C05CB29EA5F8D00C1522A /* transactions.json */,
				6C5C05C929EA5F8300C1522A /* categories.json */,
				6CB79F4B29E6884F00FA2330 /* Mock.swift */,
				6CC3B60A29BFAF1E0051C036 /* Info.plist */,
				6C5E096129AA8AE00012C0FF /* Assets.xcassets */,
				6C5E095D29AA8ADF0012C0FF /* MainApp.swift */,
				6C5E096D29AA8B210012C0FF /* AppDelegate.swift */,
				6C5E096329AA8AE00012C0FF /* Main.entitlements */,
				6C5E096429AA8AE00012C0FF /* Preview Content */,
			);
			path = Main;
			sourceTree = "<group>";
		};
		6C5E096429AA8AE00012C0FF /* Preview Content */ = {
			isa = PBXGroup;
			children = (
				6C5E096529AA8AE00012C0FF /* Preview Assets.xcassets */,
			);
			path = "Preview Content";
			sourceTree = "<group>";
		};
		6C5E097029AA8C030012C0FF /* Frameworks */ = {
			isa = PBXGroup;
			children = (
				6CC3B5C529BF94100051C036 /* WidgetKit.framework */,
				6CC3B5C729BF94100051C036 /* SwiftUI.framework */,
				6CC3B61029BFAFCC0051C036 /* Intents.framework */,
				6CC3B61B29BFAFCD0051C036 /* IntentsUI.framework */,
			);
			name = Frameworks;
			sourceTree = "<group>";
		};
		6CC3B5E529BF975F0051C036 /* BudgetWidget */ = {
			isa = PBXGroup;
			children = (
				6CC3B5E629BF975F0051C036 /* BudgetWidgetBundle.swift */,
				6CC3B5E829BF975F0051C036 /* BudgetWidgetLiveActivity.swift */,
				6CC3B5EA29BF975F0051C036 /* BudgetWidget.swift */,
				6CC3B5EC29BF975F0051C036 /* BudgetWidget.intentdefinition */,
				6CC3B5ED29BF97630051C036 /* Assets.xcassets */,
				6CC3B5EF29BF97630051C036 /* Info.plist */,
			);
			path = BudgetWidget;
			sourceTree = "<group>";
		};
/* End PBXGroup section */

/* Begin PBXNativeTarget section */
		6C5E095929AA8ADF0012C0FF /* Main */ = {
			isa = PBXNativeTarget;
			buildConfigurationList = 6C5E096929AA8AE00012C0FF /* Build configuration list for PBXNativeTarget "Main" */;
			buildPhases = (
				6C5E095629AA8ADF0012C0FF /* Sources */,
				6C5E095729AA8ADF0012C0FF /* Frameworks */,
				6C5E095829AA8ADF0012C0FF /* Resources */,
				6C7868C229AAF41E000C27FF /* Embed Frameworks */,
				6CC3B5DA29BF94150051C036 /* Embed Foundation Extensions */,
			);
			buildRules = (
			);
			dependencies = (
				6CC3B5F329BF97630051C036 /* PBXTargetDependency */,
			);
			name = Main;
			packageProductDependencies = (
				6C7868B429AAF41E000C27FF /* RefdsUI */,
				6C7868C829AAF733000C27FF /* Core */,
				6C7868CA29AAF758000C27FF /* Domain */,
				6C7868CC29AAF758000C27FF /* UserInterface */,
				6CC3B5FE29BF9ED50051C036 /* RefdsCore */,
			);
			productName = Main;
			productReference = 6C5E095A29AA8ADF0012C0FF /* Main.app */;
			productType = "com.apple.product-type.application";
		};
		6CC3B5E129BF975F0051C036 /* BudgetWidgetExtension */ = {
			isa = PBXNativeTarget;
			buildConfigurationList = 6CC3B5F629BF97630051C036 /* Build configuration list for PBXNativeTarget "BudgetWidgetExtension" */;
			buildPhases = (
				6CC3B5DE29BF975F0051C036 /* Sources */,
				6CC3B5DF29BF975F0051C036 /* Frameworks */,
				6CC3B5E029BF975F0051C036 /* Resources */,
			);
			buildRules = (
			);
			dependencies = (
			);
			name = BudgetWidgetExtension;
			packageProductDependencies = (
				6CC3B5F929BF9E180051C036 /* RefdsUI */,
				6CC3B60629BFA1060051C036 /* Presentation */,
				6CC3B63329BFD2CE0051C036 /* UserInterface */,
				6CC3B63529C0404F0051C036 /* Domain */,
			);
			productName = BudgetWidgetExtension;
			productReference = 6CC3B5E229BF975F0051C036 /* BudgetWidgetExtension.appex */;
			productType = "com.apple.product-type.app-extension";
		};
/* End PBXNativeTarget section */

/* Begin PBXProject section */
		6C5E095229AA8ADF0012C0FF /* Project object */ = {
			isa = PBXProject;
			attributes = {
				BuildIndependentTargetsInParallel = 1;
				LastSwiftUpdateCheck = 1420;
				LastUpgradeCheck = 1430;
				TargetAttributes = {
					6C5E095929AA8ADF0012C0FF = {
						CreatedOnToolsVersion = 14.2;
					};
					6CC3B5E129BF975F0051C036 = {
						CreatedOnToolsVersion = 14.2;
					};
				};
			};
			buildConfigurationList = 6C5E095529AA8ADF0012C0FF /* Build configuration list for PBXProject "Main" */;
			compatibilityVersion = "Xcode 14.0";
			developmentRegion = en;
			hasScannedForEncodings = 0;
			knownRegions = (
				en,
				Base,
			);
			mainGroup = 6C5E095129AA8ADF0012C0FF;
			packageReferences = (
				6C78680029AAA4CC000C27FF /* XCRemoteSwiftPackageReference "refds-design-system" */,
				6CC3B5FD29BF9ED50051C036 /* XCRemoteSwiftPackageReference "refds-core" */,
			);
			productRefGroup = 6C5E095B29AA8ADF0012C0FF /* Products */;
			projectDirPath = "";
			projectRoot = "";
			targets = (
				6C5E095929AA8ADF0012C0FF /* Main */,
				6CC3B5E129BF975F0051C036 /* BudgetWidgetExtension */,
			);
		};
/* End PBXProject section */

/* Begin PBXResourcesBuildPhase section */
		6C5E095829AA8ADF0012C0FF /* Resources */ = {
			isa = PBXResourcesBuildPhase;
			buildActionMask = 2147483647;
			files = (
				6C5E096629AA8AE00012C0FF /* Preview Assets.xcassets in Resources */,
				6C5C05CA29EA5F8300C1522A /* categories.json in Resources */,
				6C5C05CC29EA5F8D00C1522A /* transactions.json in Resources */,
				6C5E096229AA8AE00012C0FF /* Assets.xcassets in Resources */,
			);
			runOnlyForDeploymentPostprocessing = 0;
		};
		6CC3B5E029BF975F0051C036 /* Resources */ = {
			isa = PBXResourcesBuildPhase;
			buildActionMask = 2147483647;
			files = (
				6CC3B5EE29BF97630051C036 /* Assets.xcassets in Resources */,
			);
			runOnlyForDeploymentPostprocessing = 0;
		};
/* End PBXResourcesBuildPhase section */

/* Begin PBXSourcesBuildPhase section */
		6C5E095629AA8ADF0012C0FF /* Sources */ = {
			isa = PBXSourcesBuildPhase;
			buildActionMask = 2147483647;
			files = (
				6CB79F4E29E6884F00FA2330 /* Mock.swift in Sources */,
				6CC3B5F129BF97630051C036 /* BudgetWidget.intentdefinition in Sources */,
				6C5E096E29AA8B210012C0FF /* AppDelegate.swift in Sources */,
				6C5E095E29AA8ADF0012C0FF /* MainApp.swift in Sources */,
			);
			runOnlyForDeploymentPostprocessing = 0;
		};
		6CC3B5DE29BF975F0051C036 /* Sources */ = {
			isa = PBXSourcesBuildPhase;
			buildActionMask = 2147483647;
			files = (
				6CC3B5E729BF975F0051C036 /* BudgetWidgetBundle.swift in Sources */,
				6CC3B5F029BF97630051C036 /* BudgetWidget.intentdefinition in Sources */,
				6CC3B5EB29BF975F0051C036 /* BudgetWidget.swift in Sources */,
				6CC3B5E929BF975F0051C036 /* BudgetWidgetLiveActivity.swift in Sources */,
			);
			runOnlyForDeploymentPostprocessing = 0;
		};
/* End PBXSourcesBuildPhase section */

/* Begin PBXTargetDependency section */
		6CC3B5F329BF97630051C036 /* PBXTargetDependency */ = {
			isa = PBXTargetDependency;
			target = 6CC3B5E129BF975F0051C036 /* BudgetWidgetExtension */;
			targetProxy = 6CC3B5F229BF97630051C036 /* PBXContainerItemProxy */;
		};
/* End PBXTargetDependency section */

/* Begin XCBuildConfiguration section */
		6C5E096729AA8AE00012C0FF /* Debug */ = {
			isa = XCBuildConfiguration;
			buildSettings = {
				ALWAYS_SEARCH_USER_PATHS = NO;
				CLANG_ANALYZER_NONNULL = YES;
				CLANG_ANALYZER_NUMBER_OBJECT_CONVERSION = YES_AGGRESSIVE;
				CLANG_CXX_LANGUAGE_STANDARD = "gnu++20";
				CLANG_ENABLE_MODULES = YES;
				CLANG_ENABLE_OBJC_ARC = YES;
				CLANG_ENABLE_OBJC_WEAK = YES;
				CLANG_WARN_BLOCK_CAPTURE_AUTORELEASING = YES;
				CLANG_WARN_BOOL_CONVERSION = YES;
				CLANG_WARN_COMMA = YES;
				CLANG_WARN_CONSTANT_CONVERSION = YES;
				CLANG_WARN_DEPRECATED_OBJC_IMPLEMENTATIONS = YES;
				CLANG_WARN_DIRECT_OBJC_ISA_USAGE = YES_ERROR;
				CLANG_WARN_DOCUMENTATION_COMMENTS = YES;
				CLANG_WARN_EMPTY_BODY = YES;
				CLANG_WARN_ENUM_CONVERSION = YES;
				CLANG_WARN_INFINITE_RECURSION = YES;
				CLANG_WARN_INT_CONVERSION = YES;
				CLANG_WARN_NON_LITERAL_NULL_CONVERSION = YES;
				CLANG_WARN_OBJC_IMPLICIT_RETAIN_SELF = YES;
				CLANG_WARN_OBJC_LITERAL_CONVERSION = YES;
				CLANG_WARN_OBJC_ROOT_CLASS = YES_ERROR;
				CLANG_WARN_QUOTED_INCLUDE_IN_FRAMEWORK_HEADER = YES;
				CLANG_WARN_RANGE_LOOP_ANALYSIS = YES;
				CLANG_WARN_STRICT_PROTOTYPES = YES;
				CLANG_WARN_SUSPICIOUS_MOVE = YES;
				CLANG_WARN_UNGUARDED_AVAILABILITY = YES_AGGRESSIVE;
				CLANG_WARN_UNREACHABLE_CODE = YES;
				CLANG_WARN__DUPLICATE_METHOD_MATCH = YES;
				COPY_PHASE_STRIP = NO;
				DEAD_CODE_STRIPPING = YES;
				DEBUG_INFORMATION_FORMAT = dwarf;
				ENABLE_STRICT_OBJC_MSGSEND = YES;
				ENABLE_TESTABILITY = YES;
				GCC_C_LANGUAGE_STANDARD = gnu11;
				GCC_DYNAMIC_NO_PIC = NO;
				GCC_NO_COMMON_BLOCKS = YES;
				GCC_OPTIMIZATION_LEVEL = 0;
				GCC_PREPROCESSOR_DEFINITIONS = (
					"DEBUG=1",
					"$(inherited)",
				);
				GCC_WARN_64_TO_32_BIT_CONVERSION = YES;
				GCC_WARN_ABOUT_RETURN_TYPE = YES_ERROR;
				GCC_WARN_UNDECLARED_SELECTOR = YES;
				GCC_WARN_UNINITIALIZED_AUTOS = YES_AGGRESSIVE;
				GCC_WARN_UNUSED_FUNCTION = YES;
				GCC_WARN_UNUSED_VARIABLE = YES;
				MTL_ENABLE_DEBUG_INFO = INCLUDE_SOURCE;
				MTL_FAST_MATH = YES;
				ONLY_ACTIVE_ARCH = YES;
				SWIFT_ACTIVE_COMPILATION_CONDITIONS = DEBUG;
				SWIFT_OPTIMIZATION_LEVEL = "-Onone";
			};
			name = Debug;
		};
		6C5E096829AA8AE00012C0FF /* Release */ = {
			isa = XCBuildConfiguration;
			buildSettings = {
				ALWAYS_SEARCH_USER_PATHS = NO;
				CLANG_ANALYZER_NONNULL = YES;
				CLANG_ANALYZER_NUMBER_OBJECT_CONVERSION = YES_AGGRESSIVE;
				CLANG_CXX_LANGUAGE_STANDARD = "gnu++20";
				CLANG_ENABLE_MODULES = YES;
				CLANG_ENABLE_OBJC_ARC = YES;
				CLANG_ENABLE_OBJC_WEAK = YES;
				CLANG_WARN_BLOCK_CAPTURE_AUTORELEASING = YES;
				CLANG_WARN_BOOL_CONVERSION = YES;
				CLANG_WARN_COMMA = YES;
				CLANG_WARN_CONSTANT_CONVERSION = YES;
				CLANG_WARN_DEPRECATED_OBJC_IMPLEMENTATIONS = YES;
				CLANG_WARN_DIRECT_OBJC_ISA_USAGE = YES_ERROR;
				CLANG_WARN_DOCUMENTATION_COMMENTS = YES;
				CLANG_WARN_EMPTY_BODY = YES;
				CLANG_WARN_ENUM_CONVERSION = YES;
				CLANG_WARN_INFINITE_RECURSION = YES;
				CLANG_WARN_INT_CONVERSION = YES;
				CLANG_WARN_NON_LITERAL_NULL_CONVERSION = YES;
				CLANG_WARN_OBJC_IMPLICIT_RETAIN_SELF = YES;
				CLANG_WARN_OBJC_LITERAL_CONVERSION = YES;
				CLANG_WARN_OBJC_ROOT_CLASS = YES_ERROR;
				CLANG_WARN_QUOTED_INCLUDE_IN_FRAMEWORK_HEADER = YES;
				CLANG_WARN_RANGE_LOOP_ANALYSIS = YES;
				CLANG_WARN_STRICT_PROTOTYPES = YES;
				CLANG_WARN_SUSPICIOUS_MOVE = YES;
				CLANG_WARN_UNGUARDED_AVAILABILITY = YES_AGGRESSIVE;
				CLANG_WARN_UNREACHABLE_CODE = YES;
				CLANG_WARN__DUPLICATE_METHOD_MATCH = YES;
				COPY_PHASE_STRIP = NO;
				DEAD_CODE_STRIPPING = YES;
				DEBUG_INFORMATION_FORMAT = "dwarf-with-dsym";
				ENABLE_NS_ASSERTIONS = NO;
				ENABLE_STRICT_OBJC_MSGSEND = YES;
				GCC_C_LANGUAGE_STANDARD = gnu11;
				GCC_NO_COMMON_BLOCKS = YES;
				GCC_WARN_64_TO_32_BIT_CONVERSION = YES;
				GCC_WARN_ABOUT_RETURN_TYPE = YES_ERROR;
				GCC_WARN_UNDECLARED_SELECTOR = YES;
				GCC_WARN_UNINITIALIZED_AUTOS = YES_AGGRESSIVE;
				GCC_WARN_UNUSED_FUNCTION = YES;
				GCC_WARN_UNUSED_VARIABLE = YES;
				MTL_ENABLE_DEBUG_INFO = NO;
				MTL_FAST_MATH = YES;
				SWIFT_COMPILATION_MODE = wholemodule;
				SWIFT_OPTIMIZATION_LEVEL = "-O";
			};
			name = Release;
		};
		6C5E096A29AA8AE00012C0FF /* Debug */ = {
			isa = XCBuildConfiguration;
			buildSettings = {
				ALWAYS_EMBED_SWIFT_STANDARD_LIBRARIES = YES;
				ASSETCATALOG_COMPILER_APPICON_NAME = AppIcon;
				ASSETCATALOG_COMPILER_GLOBAL_ACCENT_COLOR_NAME = AccentColor;
				CODE_SIGN_ENTITLEMENTS = Main/Main.entitlements;
				CODE_SIGN_STYLE = Automatic;
				CURRENT_PROJECT_VERSION = 1;
				DEAD_CODE_STRIPPING = YES;
				DEVELOPMENT_ASSET_PATHS = "\"Main/Preview Content\"";
				DEVELOPMENT_TEAM = Q7QLR2PH2X;
				ENABLE_HARDENED_RUNTIME = YES;
				ENABLE_PREVIEWS = YES;
				GENERATE_INFOPLIST_FILE = YES;
				INFOPLIST_FILE = Main/Info.plist;
				INFOPLIST_KEY_CFBundleDisplayName = Budget;
				INFOPLIST_KEY_LSApplicationCategoryType = "public.app-category.finance";
				INFOPLIST_KEY_NSSupportsLiveActivities = YES;
				"INFOPLIST_KEY_UIApplicationSceneManifest_Generation[sdk=iphoneos*]" = YES;
				"INFOPLIST_KEY_UIApplicationSceneManifest_Generation[sdk=iphonesimulator*]" = YES;
				"INFOPLIST_KEY_UIApplicationSupportsIndirectInputEvents[sdk=iphoneos*]" = YES;
				"INFOPLIST_KEY_UIApplicationSupportsIndirectInputEvents[sdk=iphonesimulator*]" = YES;
				"INFOPLIST_KEY_UILaunchScreen_Generation[sdk=iphoneos*]" = YES;
				"INFOPLIST_KEY_UILaunchScreen_Generation[sdk=iphonesimulator*]" = YES;
				"INFOPLIST_KEY_UIStatusBarStyle[sdk=iphoneos*]" = UIStatusBarStyleDefault;
				"INFOPLIST_KEY_UIStatusBarStyle[sdk=iphonesimulator*]" = UIStatusBarStyleDefault;
				INFOPLIST_KEY_UISupportedInterfaceOrientations_iPad = "UIInterfaceOrientationPortrait UIInterfaceOrientationPortraitUpsideDown UIInterfaceOrientationLandscapeLeft UIInterfaceOrientationLandscapeRight";
				INFOPLIST_KEY_UISupportedInterfaceOrientations_iPhone = "UIInterfaceOrientationPortrait UIInterfaceOrientationLandscapeLeft UIInterfaceOrientationLandscapeRight";
				IPHONEOS_DEPLOYMENT_TARGET = 15.0;
				LD_RUNPATH_SEARCH_PATHS = "@executable_path/Frameworks";
				"LD_RUNPATH_SEARCH_PATHS[sdk=macosx*]" = "@executable_path/../Frameworks";
				MACOSX_DEPLOYMENT_TARGET = 13.1;
				MARKETING_VERSION = 1.0;
				PRODUCT_BUNDLE_IDENTIFIER = br.com.rafaelescaleira.Budget;
				PRODUCT_NAME = "$(TARGET_NAME)";
				SDKROOT = auto;
				SUPPORTED_PLATFORMS = "iphoneos iphonesimulator";
				SUPPORTS_MACCATALYST = YES;
				SUPPORTS_MAC_DESIGNED_FOR_IPHONE_IPAD = NO;
				SWIFT_EMIT_LOC_STRINGS = YES;
				SWIFT_VERSION = 5.0;
				TARGETED_DEVICE_FAMILY = "1,2";
			};
			name = Debug;
		};
		6C5E096B29AA8AE00012C0FF /* Release */ = {
			isa = XCBuildConfiguration;
			buildSettings = {
				ALWAYS_EMBED_SWIFT_STANDARD_LIBRARIES = YES;
				ASSETCATALOG_COMPILER_APPICON_NAME = AppIcon;
				ASSETCATALOG_COMPILER_GLOBAL_ACCENT_COLOR_NAME = AccentColor;
				CODE_SIGN_ENTITLEMENTS = Main/Main.entitlements;
				CODE_SIGN_STYLE = Automatic;
				CURRENT_PROJECT_VERSION = 1;
				DEAD_CODE_STRIPPING = YES;
				DEVELOPMENT_ASSET_PATHS = "\"Main/Preview Content\"";
				DEVELOPMENT_TEAM = Q7QLR2PH2X;
				ENABLE_HARDENED_RUNTIME = YES;
				ENABLE_PREVIEWS = YES;
				GENERATE_INFOPLIST_FILE = YES;
				INFOPLIST_FILE = Main/Info.plist;
				INFOPLIST_KEY_CFBundleDisplayName = Budget;
				INFOPLIST_KEY_LSApplicationCategoryType = "public.app-category.finance";
				INFOPLIST_KEY_NSSupportsLiveActivities = YES;
				"INFOPLIST_KEY_UIApplicationSceneManifest_Generation[sdk=iphoneos*]" = YES;
				"INFOPLIST_KEY_UIApplicationSceneManifest_Generation[sdk=iphonesimulator*]" = YES;
				"INFOPLIST_KEY_UIApplicationSupportsIndirectInputEvents[sdk=iphoneos*]" = YES;
				"INFOPLIST_KEY_UIApplicationSupportsIndirectInputEvents[sdk=iphonesimulator*]" = YES;
				"INFOPLIST_KEY_UILaunchScreen_Generation[sdk=iphoneos*]" = YES;
				"INFOPLIST_KEY_UILaunchScreen_Generation[sdk=iphonesimulator*]" = YES;
				"INFOPLIST_KEY_UIStatusBarStyle[sdk=iphoneos*]" = UIStatusBarStyleDefault;
				"INFOPLIST_KEY_UIStatusBarStyle[sdk=iphonesimulator*]" = UIStatusBarStyleDefault;
				INFOPLIST_KEY_UISupportedInterfaceOrientations_iPad = "UIInterfaceOrientationPortrait UIInterfaceOrientationPortraitUpsideDown UIInterfaceOrientationLandscapeLeft UIInterfaceOrientationLandscapeRight";
				INFOPLIST_KEY_UISupportedInterfaceOrientations_iPhone = "UIInterfaceOrientationPortrait UIInterfaceOrientationLandscapeLeft UIInterfaceOrientationLandscapeRight";
				IPHONEOS_DEPLOYMENT_TARGET = 15.0;
				LD_RUNPATH_SEARCH_PATHS = "@executable_path/Frameworks";
				"LD_RUNPATH_SEARCH_PATHS[sdk=macosx*]" = "@executable_path/../Frameworks";
				MACOSX_DEPLOYMENT_TARGET = 13.1;
				MARKETING_VERSION = 1.0;
				PRODUCT_BUNDLE_IDENTIFIER = br.com.rafaelescaleira.Budget;
				PRODUCT_NAME = "$(TARGET_NAME)";
				SDKROOT = auto;
				SUPPORTED_PLATFORMS = "iphoneos iphonesimulator";
				SUPPORTS_MACCATALYST = YES;
				SUPPORTS_MAC_DESIGNED_FOR_IPHONE_IPAD = NO;
				SWIFT_EMIT_LOC_STRINGS = YES;
				SWIFT_VERSION = 5.0;
				TARGETED_DEVICE_FAMILY = "1,2";
			};
			name = Release;
		};
		6CC3B5F729BF97630051C036 /* Debug */ = {
			isa = XCBuildConfiguration;
			buildSettings = {
				ASSETCATALOG_COMPILER_GLOBAL_ACCENT_COLOR_NAME = AccentColor;
				ASSETCATALOG_COMPILER_WIDGET_BACKGROUND_COLOR_NAME = WidgetBackground;
				CODE_SIGN_ENTITLEMENTS = BudgetWidgetExtension.entitlements;
				CODE_SIGN_STYLE = Automatic;
				CURRENT_PROJECT_VERSION = 1;
				DEVELOPMENT_TEAM = Q7QLR2PH2X;
				GENERATE_INFOPLIST_FILE = YES;
				INFOPLIST_FILE = BudgetWidget/Info.plist;
				INFOPLIST_KEY_CFBundleDisplayName = BudgetWidget;
				INFOPLIST_KEY_NSHumanReadableCopyright = "";
				INFOPLIST_KEY_NSSupportsLiveActivities = YES;
				IPHONEOS_DEPLOYMENT_TARGET = 16.2;
				"IPHONEOS_DEPLOYMENT_TARGET[sdk=macosx*]" = 16.1;
				LD_RUNPATH_SEARCH_PATHS = (
					"$(inherited)",
					"@executable_path/Frameworks",
					"@executable_path/../../Frameworks",
				);
				MARKETING_VERSION = 1.0;
				PRODUCT_BUNDLE_IDENTIFIER = br.com.rafaelescaleira.Budget.BudgetWidget;
				PRODUCT_NAME = "$(TARGET_NAME)";
				SDKROOT = iphoneos;
				SKIP_INSTALL = YES;
				SUPPORTS_MACCATALYST = YES;
				SUPPORTS_MAC_DESIGNED_FOR_IPHONE_IPAD = NO;
				SWIFT_EMIT_LOC_STRINGS = YES;
				SWIFT_VERSION = 5.0;
				TARGETED_DEVICE_FAMILY = "1,2";
			};
			name = Debug;
		};
		6CC3B5F829BF97630051C036 /* Release */ = {
			isa = XCBuildConfiguration;
			buildSettings = {
				ASSETCATALOG_COMPILER_GLOBAL_ACCENT_COLOR_NAME = AccentColor;
				ASSETCATALOG_COMPILER_WIDGET_BACKGROUND_COLOR_NAME = WidgetBackground;
				CODE_SIGN_ENTITLEMENTS = BudgetWidgetExtension.entitlements;
				CODE_SIGN_STYLE = Automatic;
				CURRENT_PROJECT_VERSION = 1;
				DEVELOPMENT_TEAM = Q7QLR2PH2X;
				GENERATE_INFOPLIST_FILE = YES;
				INFOPLIST_FILE = BudgetWidget/Info.plist;
				INFOPLIST_KEY_CFBundleDisplayName = BudgetWidget;
				INFOPLIST_KEY_NSHumanReadableCopyright = "";
				INFOPLIST_KEY_NSSupportsLiveActivities = YES;
				IPHONEOS_DEPLOYMENT_TARGET = 16.2;
				"IPHONEOS_DEPLOYMENT_TARGET[sdk=macosx*]" = 16.1;
				LD_RUNPATH_SEARCH_PATHS = (
					"$(inherited)",
					"@executable_path/Frameworks",
					"@executable_path/../../Frameworks",
				);
				MARKETING_VERSION = 1.0;
				PRODUCT_BUNDLE_IDENTIFIER = br.com.rafaelescaleira.Budget.BudgetWidget;
				PRODUCT_NAME = "$(TARGET_NAME)";
				SDKROOT = iphoneos;
				SKIP_INSTALL = YES;
				SUPPORTS_MACCATALYST = YES;
				SUPPORTS_MAC_DESIGNED_FOR_IPHONE_IPAD = NO;
				SWIFT_EMIT_LOC_STRINGS = YES;
				SWIFT_VERSION = 5.0;
				TARGETED_DEVICE_FAMILY = "1,2";
				VALIDATE_PRODUCT = YES;
			};
			name = Release;
		};
/* End XCBuildConfiguration section */

/* Begin XCConfigurationList section */
		6C5E095529AA8ADF0012C0FF /* Build configuration list for PBXProject "Main" */ = {
			isa = XCConfigurationList;
			buildConfigurations = (
				6C5E096729AA8AE00012C0FF /* Debug */,
				6C5E096829AA8AE00012C0FF /* Release */,
			);
			defaultConfigurationIsVisible = 0;
			defaultConfigurationName = Release;
		};
		6C5E096929AA8AE00012C0FF /* Build configuration list for PBXNativeTarget "Main" */ = {
			isa = XCConfigurationList;
			buildConfigurations = (
				6C5E096A29AA8AE00012C0FF /* Debug */,
				6C5E096B29AA8AE00012C0FF /* Release */,
			);
			defaultConfigurationIsVisible = 0;
			defaultConfigurationName = Release;
		};
		6CC3B5F629BF97630051C036 /* Build configuration list for PBXNativeTarget "BudgetWidgetExtension" */ = {
			isa = XCConfigurationList;
			buildConfigurations = (
				6CC3B5F729BF97630051C036 /* Debug */,
				6CC3B5F829BF97630051C036 /* Release */,
			);
			defaultConfigurationIsVisible = 0;
			defaultConfigurationName = Release;
		};
/* End XCConfigurationList section */

/* Begin XCRemoteSwiftPackageReference section */
		6C78680029AAA4CC000C27FF /* XCRemoteSwiftPackageReference "refds-design-system" */ = {
			isa = XCRemoteSwiftPackageReference;
			repositoryURL = "https://github.com/refdsenterprise/refds-design-system.git";
			requirement = {
				branch = develop;
				kind = branch;
			};
		};
		6CC3B5FD29BF9ED50051C036 /* XCRemoteSwiftPackageReference "refds-core" */ = {
			isa = XCRemoteSwiftPackageReference;
			repositoryURL = "https://github.com/refdsenterprise/refds-core.git";
			requirement = {
				branch = main;
				kind = branch;
			};
		};
/* End XCRemoteSwiftPackageReference section */

/* Begin XCSwiftPackageProductDependency section */
		6C7868B429AAF41E000C27FF /* RefdsUI */ = {
			isa = XCSwiftPackageProductDependency;
			package = 6C78680029AAA4CC000C27FF /* XCRemoteSwiftPackageReference "refds-design-system" */;
			productName = RefdsUI;
		};
		6C7868C829AAF733000C27FF /* Core */ = {
			isa = XCSwiftPackageProductDependency;
			productName = Core;
		};
		6C7868CA29AAF758000C27FF /* Domain */ = {
			isa = XCSwiftPackageProductDependency;
			productName = Domain;
		};
		6C7868CC29AAF758000C27FF /* UserInterface */ = {
			isa = XCSwiftPackageProductDependency;
			productName = UserInterface;
		};
		6CC3B5F929BF9E180051C036 /* RefdsUI */ = {
			isa = XCSwiftPackageProductDependency;
			package = 6C78680029AAA4CC000C27FF /* XCRemoteSwiftPackageReference "refds-design-system" */;
			productName = RefdsUI;
		};
		6CC3B5FE29BF9ED50051C036 /* RefdsCore */ = {
			isa = XCSwiftPackageProductDependency;
			package = 6CC3B5FD29BF9ED50051C036 /* XCRemoteSwiftPackageReference "refds-core" */;
			productName = RefdsCore;
		};
		6CC3B60629BFA1060051C036 /* Presentation */ = {
			isa = XCSwiftPackageProductDependency;
			productName = Presentation;
		};
		6CC3B63329BFD2CE0051C036 /* UserInterface */ = {
			isa = XCSwiftPackageProductDependency;
			productName = UserInterface;
		};
		6CC3B63529C0404F0051C036 /* Domain */ = {
			isa = XCSwiftPackageProductDependency;
			productName = Domain;
		};
/* End XCSwiftPackageProductDependency section */
	};
	rootObject = 6C5E095229AA8ADF0012C0FF /* Project object */;
}
