// !$*UTF8*$!
{
	archiveVersion = 1;
	classes = {
	};
	objectVersion = 56;
	objects = {

/* Begin PBXBuildFile section */
		6C4FF88429A5C3CE0026D8E0 /* SelectionTabView.swift in Sources */ = {isa = PBXBuildFile; fileRef = 6C4FF88329A5C3CE0026D8E0 /* SelectionTabView.swift */; };
		6C4FF88629A68A7C0026D8E0 /* CollapsedView.swift in Sources */ = {isa = PBXBuildFile; fileRef = 6C4FF88529A68A7C0026D8E0 /* CollapsedView.swift */; };
		6C4FF88829A6D8B90026D8E0 /* StringExtensions.swift in Sources */ = {isa = PBXBuildFile; fileRef = 6C4FF88729A6D8B90026D8E0 /* StringExtensions.swift */; };
		6C6584E629610D08003A9ABA /* CategoryPresenter.swift in Sources */ = {isa = PBXBuildFile; fileRef = 6C6584E529610D08003A9ABA /* CategoryPresenter.swift */; };
		6C6584E82961167B003A9ABA /* AddCategoryPresenter.swift in Sources */ = {isa = PBXBuildFile; fileRef = 6C6584E72961167B003A9ABA /* AddCategoryPresenter.swift */; };
		6C6584EA296124CD003A9ABA /* TransactionPresenter.swift in Sources */ = {isa = PBXBuildFile; fileRef = 6C6584E9296124CD003A9ABA /* TransactionPresenter.swift */; };
		6C6584EC296131B4003A9ABA /* AddTransactionPresenter.swift in Sources */ = {isa = PBXBuildFile; fileRef = 6C6584EB296131B4003A9ABA /* AddTransactionPresenter.swift */; };
		6C6584F02961C9C8003A9ABA /* BudgetPresenter.swift in Sources */ = {isa = PBXBuildFile; fileRef = 6C6584EF2961C9C8003A9ABA /* BudgetPresenter.swift */; };
		6C6A5DF2298B6D5D00FB847F /* SelectCategoryScene.swift in Sources */ = {isa = PBXBuildFile; fileRef = 6C6A5DF1298B6D5D00FB847F /* SelectCategoryScene.swift */; };
		6C6F63202964CC04007D7600 /* WidgetEntity.swift in Sources */ = {isa = PBXBuildFile; fileRef = 6C6F631F2964CC04007D7600 /* WidgetEntity.swift */; };
		6C6F63242964D0B7007D7600 /* SideBarScene.swift in Sources */ = {isa = PBXBuildFile; fileRef = 6C6F63232964D0B7007D7600 /* SideBarScene.swift */; };
		6C6F63262965D161007D7600 /* DataDocument.swift in Sources */ = {isa = PBXBuildFile; fileRef = 6C6F63252965D161007D7600 /* DataDocument.swift */; };
		6C6F63282965D1DD007D7600 /* EncodableExtensions.swift in Sources */ = {isa = PBXBuildFile; fileRef = 6C6F63272965D1DD007D7600 /* EncodableExtensions.swift */; };
		6C6F632A2965F20A007D7600 /* QuickActionEntity.swift in Sources */ = {isa = PBXBuildFile; fileRef = 6C6F63292965F20A007D7600 /* QuickActionEntity.swift */; };
		6C6F632C2965F4AB007D7600 /* AppDelegate.swift in Sources */ = {isa = PBXBuildFile; fileRef = 6C6F632B2965F4AB007D7600 /* AppDelegate.swift */; };
		6C7317AB2960C2D000AD0539 /* ColorExtension.swift in Sources */ = {isa = PBXBuildFile; fileRef = 6C7317AA2960C2D000AD0539 /* ColorExtension.swift */; };
		6C82DB9F299CA465007F13C1 /* SwiftUIView.swift in Sources */ = {isa = PBXBuildFile; fileRef = 6C82DB9E299CA465007F13C1 /* SwiftUIView.swift */; };
		6C8B933E298B87C9004496DE /* RefdsCore in Frameworks */ = {isa = PBXBuildFile; productRef = 6C8B933D298B87C9004496DE /* RefdsCore */; };
		6CA9227F295F7F1C007B270F /* BudgetApp.swift in Sources */ = {isa = PBXBuildFile; fileRef = 6CA9227E295F7F1C007B270F /* BudgetApp.swift */; };
		6CA92283295F7F1E007B270F /* Assets.xcassets in Resources */ = {isa = PBXBuildFile; fileRef = 6CA92282295F7F1E007B270F /* Assets.xcassets */; };
		6CA92287295F7F1E007B270F /* Preview Assets.xcassets in Resources */ = {isa = PBXBuildFile; fileRef = 6CA92286295F7F1E007B270F /* Preview Assets.xcassets */; };
		6CC9D1CB2993F0EC00F030F7 /* IndicatorPointView.swift in Sources */ = {isa = PBXBuildFile; fileRef = 6CC9D1CA2993F0EC00F030F7 /* IndicatorPointView.swift */; };
		6CCBC288295F7FE600FAC11C /* CategoryEntity.swift in Sources */ = {isa = PBXBuildFile; fileRef = 6CCBC287295F7FE600FAC11C /* CategoryEntity.swift */; };
		6CCBC28A295F807300FAC11C /* BudgetEntity.swift in Sources */ = {isa = PBXBuildFile; fileRef = 6CCBC289295F807300FAC11C /* BudgetEntity.swift */; };
		6CCBC28C295F815400FAC11C /* TransactionEntity.swift in Sources */ = {isa = PBXBuildFile; fileRef = 6CCBC28B295F815400FAC11C /* TransactionEntity.swift */; };
		6CCBC290295F821B00FAC11C /* Storage.swift in Sources */ = {isa = PBXBuildFile; fileRef = 6CCBC28F295F821B00FAC11C /* Storage.swift */; };
		6CCBC293295F840500FAC11C /* ArrayExtensions.swift in Sources */ = {isa = PBXBuildFile; fileRef = 6CCBC292295F840500FAC11C /* ArrayExtensions.swift */; };
		6CCBC296295F851E00FAC11C /* BudgetError.swift in Sources */ = {isa = PBXBuildFile; fileRef = 6CCBC295295F851E00FAC11C /* BudgetError.swift */; };
		6CCBC298295F882F00FAC11C /* CategoryStorage.swift in Sources */ = {isa = PBXBuildFile; fileRef = 6CCBC297295F882F00FAC11C /* CategoryStorage.swift */; };
		6CCBC29A295F8A0300FAC11C /* TransactionStorage.swift in Sources */ = {isa = PBXBuildFile; fileRef = 6CCBC299295F8A0300FAC11C /* TransactionStorage.swift */; };
		6CCBC2A2295F93CD00FAC11C /* CategoryScene.swift in Sources */ = {isa = PBXBuildFile; fileRef = 6CCBC2A1295F93CD00FAC11C /* CategoryScene.swift */; };
		6CCBC2A5295F93E000FAC11C /* TransactionScene.swift in Sources */ = {isa = PBXBuildFile; fileRef = 6CCBC2A4295F93E000FAC11C /* TransactionScene.swift */; };
		6CCBC2A7295F93EB00FAC11C /* BudgetScene.swift in Sources */ = {isa = PBXBuildFile; fileRef = 6CCBC2A6295F93EB00FAC11C /* BudgetScene.swift */; };
		6CCBC2AA295F94C100FAC11C /* RefdsUI in Frameworks */ = {isa = PBXBuildFile; productRef = 6CCBC2A9295F94C100FAC11C /* RefdsUI */; };
		6CCBC2AC295F98C400FAC11C /* AddCategoryScene.swift in Sources */ = {isa = PBXBuildFile; fileRef = 6CCBC2AB295F98C400FAC11C /* AddCategoryScene.swift */; };
		6CCBC2AE295F990800FAC11C /* AddTransactionScene.swift in Sources */ = {isa = PBXBuildFile; fileRef = 6CCBC2AD295F990800FAC11C /* AddTransactionScene.swift */; };
		6CCBC2B0295FFAD700FAC11C /* AddBudgetScene.swift in Sources */ = {isa = PBXBuildFile; fileRef = 6CCBC2AF295FFAD700FAC11C /* AddBudgetScene.swift */; };
		6CCBC2B22960008400FAC11C /* DateExtensions.swift in Sources */ = {isa = PBXBuildFile; fileRef = 6CCBC2B12960008400FAC11C /* DateExtensions.swift */; };
		6CCBC2B42960021B00FAC11C /* ApplicationExtension.swift in Sources */ = {isa = PBXBuildFile; fileRef = 6CCBC2B32960021B00FAC11C /* ApplicationExtension.swift */; };
		6CE350C82996CA3C00DDF9C6 /* CircularProgressView.swift in Sources */ = {isa = PBXBuildFile; fileRef = 6CE350C72996CA3C00DDF9C6 /* CircularProgressView.swift */; };
/* End PBXBuildFile section */

/* Begin PBXCopyFilesBuildPhase section */
		6C6F62F22964C1C3007D7600 /* Embed Foundation Extensions */ = {
			isa = PBXCopyFilesBuildPhase;
			buildActionMask = 2147483647;
			dstPath = "";
			dstSubfolderSpec = 13;
			files = (
			);
			name = "Embed Foundation Extensions";
			runOnlyForDeploymentPostprocessing = 0;
		};
/* End PBXCopyFilesBuildPhase section */

/* Begin PBXFileReference section */
		6C4FF88329A5C3CE0026D8E0 /* SelectionTabView.swift */ = {isa = PBXFileReference; lastKnownFileType = sourcecode.swift; path = SelectionTabView.swift; sourceTree = "<group>"; };
		6C4FF88529A68A7C0026D8E0 /* CollapsedView.swift */ = {isa = PBXFileReference; lastKnownFileType = sourcecode.swift; path = CollapsedView.swift; sourceTree = "<group>"; };
		6C4FF88729A6D8B90026D8E0 /* StringExtensions.swift */ = {isa = PBXFileReference; lastKnownFileType = sourcecode.swift; path = StringExtensions.swift; sourceTree = "<group>"; };
		6C6584E529610D08003A9ABA /* CategoryPresenter.swift */ = {isa = PBXFileReference; lastKnownFileType = sourcecode.swift; path = CategoryPresenter.swift; sourceTree = "<group>"; };
		6C6584E72961167B003A9ABA /* AddCategoryPresenter.swift */ = {isa = PBXFileReference; lastKnownFileType = sourcecode.swift; path = AddCategoryPresenter.swift; sourceTree = "<group>"; };
		6C6584E9296124CD003A9ABA /* TransactionPresenter.swift */ = {isa = PBXFileReference; lastKnownFileType = sourcecode.swift; path = TransactionPresenter.swift; sourceTree = "<group>"; };
		6C6584EB296131B4003A9ABA /* AddTransactionPresenter.swift */ = {isa = PBXFileReference; lastKnownFileType = sourcecode.swift; path = AddTransactionPresenter.swift; sourceTree = "<group>"; };
		6C6584EF2961C9C8003A9ABA /* BudgetPresenter.swift */ = {isa = PBXFileReference; lastKnownFileType = sourcecode.swift; path = BudgetPresenter.swift; sourceTree = "<group>"; };
		6C6A5DF1298B6D5D00FB847F /* SelectCategoryScene.swift */ = {isa = PBXFileReference; lastKnownFileType = sourcecode.swift; path = SelectCategoryScene.swift; sourceTree = "<group>"; };
		6C6F62DE2964C1C2007D7600 /* WidgetKit.framework */ = {isa = PBXFileReference; lastKnownFileType = wrapper.framework; name = WidgetKit.framework; path = System/Library/Frameworks/WidgetKit.framework; sourceTree = SDKROOT; };
		6C6F62E02964C1C2007D7600 /* SwiftUI.framework */ = {isa = PBXFileReference; lastKnownFileType = wrapper.framework; name = SwiftUI.framework; path = System/Library/Frameworks/SwiftUI.framework; sourceTree = SDKROOT; };
		6C6F62F62964C5F6007D7600 /* Info.plist */ = {isa = PBXFileReference; lastKnownFileType = text.plist; path = Info.plist; sourceTree = "<group>"; };
		6C6F631F2964CC04007D7600 /* WidgetEntity.swift */ = {isa = PBXFileReference; lastKnownFileType = sourcecode.swift; path = WidgetEntity.swift; sourceTree = "<group>"; };
		6C6F63232964D0B7007D7600 /* SideBarScene.swift */ = {isa = PBXFileReference; lastKnownFileType = sourcecode.swift; path = SideBarScene.swift; sourceTree = "<group>"; };
		6C6F63252965D161007D7600 /* DataDocument.swift */ = {isa = PBXFileReference; lastKnownFileType = sourcecode.swift; path = DataDocument.swift; sourceTree = "<group>"; };
		6C6F63272965D1DD007D7600 /* EncodableExtensions.swift */ = {isa = PBXFileReference; lastKnownFileType = sourcecode.swift; path = EncodableExtensions.swift; sourceTree = "<group>"; };
		6C6F63292965F20A007D7600 /* QuickActionEntity.swift */ = {isa = PBXFileReference; lastKnownFileType = sourcecode.swift; path = QuickActionEntity.swift; sourceTree = "<group>"; };
		6C6F632B2965F4AB007D7600 /* AppDelegate.swift */ = {isa = PBXFileReference; lastKnownFileType = sourcecode.swift; path = AppDelegate.swift; sourceTree = "<group>"; };
		6C7317AA2960C2D000AD0539 /* ColorExtension.swift */ = {isa = PBXFileReference; lastKnownFileType = sourcecode.swift; path = ColorExtension.swift; sourceTree = "<group>"; };
		6C82DB9E299CA465007F13C1 /* SwiftUIView.swift */ = {isa = PBXFileReference; lastKnownFileType = sourcecode.swift; path = SwiftUIView.swift; sourceTree = "<group>"; };
		6CA9227B295F7F1C007B270F /* Budget.app */ = {isa = PBXFileReference; explicitFileType = wrapper.application; includeInIndex = 0; path = Budget.app; sourceTree = BUILT_PRODUCTS_DIR; };
		6CA9227E295F7F1C007B270F /* BudgetApp.swift */ = {isa = PBXFileReference; lastKnownFileType = sourcecode.swift; path = BudgetApp.swift; sourceTree = "<group>"; };
		6CA92282295F7F1E007B270F /* Assets.xcassets */ = {isa = PBXFileReference; lastKnownFileType = folder.assetcatalog; path = Assets.xcassets; sourceTree = "<group>"; };
		6CA92284295F7F1E007B270F /* Budget.entitlements */ = {isa = PBXFileReference; lastKnownFileType = text.plist.entitlements; path = Budget.entitlements; sourceTree = "<group>"; };
		6CA92286295F7F1E007B270F /* Preview Assets.xcassets */ = {isa = PBXFileReference; lastKnownFileType = folder.assetcatalog; path = "Preview Assets.xcassets"; sourceTree = "<group>"; };
		6CC9D1CA2993F0EC00F030F7 /* IndicatorPointView.swift */ = {isa = PBXFileReference; lastKnownFileType = sourcecode.swift; path = IndicatorPointView.swift; sourceTree = "<group>"; };
		6CCBC287295F7FE600FAC11C /* CategoryEntity.swift */ = {isa = PBXFileReference; lastKnownFileType = sourcecode.swift; path = CategoryEntity.swift; sourceTree = "<group>"; };
		6CCBC289295F807300FAC11C /* BudgetEntity.swift */ = {isa = PBXFileReference; lastKnownFileType = sourcecode.swift; path = BudgetEntity.swift; sourceTree = "<group>"; };
		6CCBC28B295F815400FAC11C /* TransactionEntity.swift */ = {isa = PBXFileReference; lastKnownFileType = sourcecode.swift; path = TransactionEntity.swift; sourceTree = "<group>"; };
		6CCBC28F295F821B00FAC11C /* Storage.swift */ = {isa = PBXFileReference; lastKnownFileType = sourcecode.swift; path = Storage.swift; sourceTree = "<group>"; };
		6CCBC292295F840500FAC11C /* ArrayExtensions.swift */ = {isa = PBXFileReference; lastKnownFileType = sourcecode.swift; path = ArrayExtensions.swift; sourceTree = "<group>"; };
		6CCBC295295F851E00FAC11C /* BudgetError.swift */ = {isa = PBXFileReference; lastKnownFileType = sourcecode.swift; path = BudgetError.swift; sourceTree = "<group>"; };
		6CCBC297295F882F00FAC11C /* CategoryStorage.swift */ = {isa = PBXFileReference; lastKnownFileType = sourcecode.swift; path = CategoryStorage.swift; sourceTree = "<group>"; };
		6CCBC299295F8A0300FAC11C /* TransactionStorage.swift */ = {isa = PBXFileReference; lastKnownFileType = sourcecode.swift; path = TransactionStorage.swift; sourceTree = "<group>"; };
		6CCBC2A1295F93CD00FAC11C /* CategoryScene.swift */ = {isa = PBXFileReference; lastKnownFileType = sourcecode.swift; path = CategoryScene.swift; sourceTree = "<group>"; };
		6CCBC2A4295F93E000FAC11C /* TransactionScene.swift */ = {isa = PBXFileReference; lastKnownFileType = sourcecode.swift; path = TransactionScene.swift; sourceTree = "<group>"; };
		6CCBC2A6295F93EB00FAC11C /* BudgetScene.swift */ = {isa = PBXFileReference; lastKnownFileType = sourcecode.swift; path = BudgetScene.swift; sourceTree = "<group>"; };
		6CCBC2AB295F98C400FAC11C /* AddCategoryScene.swift */ = {isa = PBXFileReference; lastKnownFileType = sourcecode.swift; path = AddCategoryScene.swift; sourceTree = "<group>"; };
		6CCBC2AD295F990800FAC11C /* AddTransactionScene.swift */ = {isa = PBXFileReference; lastKnownFileType = sourcecode.swift; path = AddTransactionScene.swift; sourceTree = "<group>"; };
		6CCBC2AF295FFAD700FAC11C /* AddBudgetScene.swift */ = {isa = PBXFileReference; lastKnownFileType = sourcecode.swift; path = AddBudgetScene.swift; sourceTree = "<group>"; };
		6CCBC2B12960008400FAC11C /* DateExtensions.swift */ = {isa = PBXFileReference; lastKnownFileType = sourcecode.swift; path = DateExtensions.swift; sourceTree = "<group>"; };
		6CCBC2B32960021B00FAC11C /* ApplicationExtension.swift */ = {isa = PBXFileReference; lastKnownFileType = sourcecode.swift; path = ApplicationExtension.swift; sourceTree = "<group>"; };
		6CE350C72996CA3C00DDF9C6 /* CircularProgressView.swift */ = {isa = PBXFileReference; lastKnownFileType = sourcecode.swift; path = CircularProgressView.swift; sourceTree = "<group>"; };
/* End PBXFileReference section */

/* Begin PBXFrameworksBuildPhase section */
		6CA92278295F7F1C007B270F /* Frameworks */ = {
			isa = PBXFrameworksBuildPhase;
			buildActionMask = 2147483647;
			files = (
				6C8B933E298B87C9004496DE /* RefdsCore in Frameworks */,
				6CCBC2AA295F94C100FAC11C /* RefdsUI in Frameworks */,
			);
			runOnlyForDeploymentPostprocessing = 0;
		};
/* End PBXFrameworksBuildPhase section */

/* Begin PBXGroup section */
		6C0E75392961FE7D0059A042 /* Frameworks */ = {
			isa = PBXGroup;
			children = (
				6C6F62DE2964C1C2007D7600 /* WidgetKit.framework */,
				6C6F62E02964C1C2007D7600 /* SwiftUI.framework */,
			);
			name = Frameworks;
			sourceTree = "<group>";
		};
		6C6584E429610CF2003A9ABA /* Presenter */ = {
			isa = PBXGroup;
			children = (
				6C6584E72961167B003A9ABA /* AddCategoryPresenter.swift */,
				6C6584EB296131B4003A9ABA /* AddTransactionPresenter.swift */,
				6C6584EF2961C9C8003A9ABA /* BudgetPresenter.swift */,
				6C6584E529610D08003A9ABA /* CategoryPresenter.swift */,
				6C6584E9296124CD003A9ABA /* TransactionPresenter.swift */,
			);
			path = Presenter;
			sourceTree = "<group>";
		};
		6CA92272295F7F1C007B270F = {
			isa = PBXGroup;
			children = (
				6CA9227D295F7F1C007B270F /* Budget */,
				6CA9227C295F7F1C007B270F /* Products */,
				6C0E75392961FE7D0059A042 /* Frameworks */,
			);
			sourceTree = "<group>";
		};
		6CA9227C295F7F1C007B270F /* Products */ = {
			isa = PBXGroup;
			children = (
				6CA9227B295F7F1C007B270F /* Budget.app */,
			);
			name = Products;
			sourceTree = "<group>";
		};
		6CA9227D295F7F1C007B270F /* Budget */ = {
			isa = PBXGroup;
			children = (
				6C6F62F62964C5F6007D7600 /* Info.plist */,
				6CA92284295F7F1E007B270F /* Budget.entitlements */,
				6CA9227E295F7F1C007B270F /* BudgetApp.swift */,
				6C6F632B2965F4AB007D7600 /* AppDelegate.swift */,
				6CA92282295F7F1E007B270F /* Assets.xcassets */,
				6CCBC28D295F820600FAC11C /* Data */,
				6CCBC285295F7F4B00FAC11C /* Domain */,
				6CCBC29B295F8BD000FAC11C /* Presentation */,
				6CA92285295F7F1E007B270F /* Preview Content */,
				6CCBC29F295F93B400FAC11C /* View */,
			);
			path = Budget;
			sourceTree = "<group>";
		};
		6CA92285295F7F1E007B270F /* Preview Content */ = {
			isa = PBXGroup;
			children = (
				6CA92286295F7F1E007B270F /* Preview Assets.xcassets */,
			);
			path = "Preview Content";
			sourceTree = "<group>";
		};
		6CC9D1CC2993F0F400F030F7 /* Component */ = {
			isa = PBXGroup;
			children = (
				6CC9D1CA2993F0EC00F030F7 /* IndicatorPointView.swift */,
				6CE350C72996CA3C00DDF9C6 /* CircularProgressView.swift */,
				6C4FF88329A5C3CE0026D8E0 /* SelectionTabView.swift */,
				6C4FF88529A68A7C0026D8E0 /* CollapsedView.swift */,
			);
			path = Component;
			sourceTree = "<group>";
		};
		6CCBC285295F7F4B00FAC11C /* Domain */ = {
			isa = PBXGroup;
			children = (
				6CCBC294295F850300FAC11C /* Error */,
				6CCBC286295F7F6600FAC11C /* Entity */,
			);
			path = Domain;
			sourceTree = "<group>";
		};
		6CCBC286295F7F6600FAC11C /* Entity */ = {
			isa = PBXGroup;
			children = (
				6CCBC287295F7FE600FAC11C /* CategoryEntity.swift */,
				6CCBC289295F807300FAC11C /* BudgetEntity.swift */,
				6CCBC28B295F815400FAC11C /* TransactionEntity.swift */,
				6C6F631F2964CC04007D7600 /* WidgetEntity.swift */,
				6C6F63292965F20A007D7600 /* QuickActionEntity.swift */,
			);
			path = Entity;
			sourceTree = "<group>";
		};
		6CCBC28D295F820600FAC11C /* Data */ = {
			isa = PBXGroup;
			children = (
				6CCBC28E295F820D00FAC11C /* Datasource */,
				6CCBC291295F83F700FAC11C /* Helper */,
			);
			path = Data;
			sourceTree = "<group>";
		};
		6CCBC28E295F820D00FAC11C /* Datasource */ = {
			isa = PBXGroup;
			children = (
				6CCBC28F295F821B00FAC11C /* Storage.swift */,
				6CCBC297295F882F00FAC11C /* CategoryStorage.swift */,
				6CCBC299295F8A0300FAC11C /* TransactionStorage.swift */,
				6C6F63252965D161007D7600 /* DataDocument.swift */,
			);
			path = Datasource;
			sourceTree = "<group>";
		};
		6CCBC291295F83F700FAC11C /* Helper */ = {
			isa = PBXGroup;
			children = (
				6CCBC292295F840500FAC11C /* ArrayExtensions.swift */,
				6CCBC2B12960008400FAC11C /* DateExtensions.swift */,
				6CCBC2B32960021B00FAC11C /* ApplicationExtension.swift */,
				6C7317AA2960C2D000AD0539 /* ColorExtension.swift */,
				6C6F63272965D1DD007D7600 /* EncodableExtensions.swift */,
				6C4FF88729A6D8B90026D8E0 /* StringExtensions.swift */,
			);
			path = Helper;
			sourceTree = "<group>";
		};
		6CCBC294295F850300FAC11C /* Error */ = {
			isa = PBXGroup;
			children = (
				6CCBC295295F851E00FAC11C /* BudgetError.swift */,
			);
			path = Error;
			sourceTree = "<group>";
		};
		6CCBC29B295F8BD000FAC11C /* Presentation */ = {
			isa = PBXGroup;
			children = (
				6C6584E429610CF2003A9ABA /* Presenter */,
			);
			path = Presentation;
			sourceTree = "<group>";
		};
		6CCBC29F295F93B400FAC11C /* View */ = {
			isa = PBXGroup;
			children = (
				6CC9D1CC2993F0F400F030F7 /* Component */,
				6CCBC2A0295F93BD00FAC11C /* Scene */,
			);
			path = View;
			sourceTree = "<group>";
		};
		6CCBC2A0295F93BD00FAC11C /* Scene */ = {
			isa = PBXGroup;
			children = (
				6CCBC2AF295FFAD700FAC11C /* AddBudgetScene.swift */,
				6CCBC2AB295F98C400FAC11C /* AddCategoryScene.swift */,
				6CCBC2AD295F990800FAC11C /* AddTransactionScene.swift */,
				6CCBC2A6295F93EB00FAC11C /* BudgetScene.swift */,
				6CCBC2A1295F93CD00FAC11C /* CategoryScene.swift */,
				6CCBC2A4295F93E000FAC11C /* TransactionScene.swift */,
				6C6F63232964D0B7007D7600 /* SideBarScene.swift */,
				6C6A5DF1298B6D5D00FB847F /* SelectCategoryScene.swift */,
				6C82DB9E299CA465007F13C1 /* SwiftUIView.swift */,
			);
			path = Scene;
			sourceTree = "<group>";
		};
/* End PBXGroup section */

/* Begin PBXNativeTarget section */
		6CA9227A295F7F1C007B270F /* Budget */ = {
			isa = PBXNativeTarget;
			buildConfigurationList = 6CA9228A295F7F1E007B270F /* Build configuration list for PBXNativeTarget "Budget" */;
			buildPhases = (
				6CA92277295F7F1C007B270F /* Sources */,
				6CA92278295F7F1C007B270F /* Frameworks */,
				6CA92279295F7F1C007B270F /* Resources */,
				6C6F62F22964C1C3007D7600 /* Embed Foundation Extensions */,
			);
			buildRules = (
			);
			dependencies = (
			);
			name = Budget;
			packageProductDependencies = (
				6CCBC2A9295F94C100FAC11C /* RefdsUI */,
				6C8B933D298B87C9004496DE /* RefdsCore */,
			);
			productName = Budget;
			productReference = 6CA9227B295F7F1C007B270F /* Budget.app */;
			productType = "com.apple.product-type.application";
		};
/* End PBXNativeTarget section */

/* Begin PBXProject section */
		6CA92273295F7F1C007B270F /* Project object */ = {
			isa = PBXProject;
			attributes = {
				BuildIndependentTargetsInParallel = 1;
				LastSwiftUpdateCheck = 1410;
				LastUpgradeCheck = 1420;
				TargetAttributes = {
					6CA9227A295F7F1C007B270F = {
						CreatedOnToolsVersion = 14.1;
					};
				};
			};
			buildConfigurationList = 6CA92276295F7F1C007B270F /* Build configuration list for PBXProject "Budget" */;
			compatibilityVersion = "Xcode 14.0";
			developmentRegion = en;
			hasScannedForEncodings = 0;
			knownRegions = (
				en,
				Base,
			);
			mainGroup = 6CA92272295F7F1C007B270F;
			packageReferences = (
				6CCBC2A8295F94C100FAC11C /* XCRemoteSwiftPackageReference "refds-design-system" */,
				6C8B933C298B87C9004496DE /* XCRemoteSwiftPackageReference "refds-core" */,
			);
			productRefGroup = 6CA9227C295F7F1C007B270F /* Products */;
			projectDirPath = "";
			projectRoot = "";
			targets = (
				6CA9227A295F7F1C007B270F /* Budget */,
			);
		};
/* End PBXProject section */

/* Begin PBXResourcesBuildPhase section */
		6CA92279295F7F1C007B270F /* Resources */ = {
			isa = PBXResourcesBuildPhase;
			buildActionMask = 2147483647;
			files = (
				6CA92287295F7F1E007B270F /* Preview Assets.xcassets in Resources */,
				6CA92283295F7F1E007B270F /* Assets.xcassets in Resources */,
			);
			runOnlyForDeploymentPostprocessing = 0;
		};
/* End PBXResourcesBuildPhase section */

/* Begin PBXSourcesBuildPhase section */
		6CA92277295F7F1C007B270F /* Sources */ = {
			isa = PBXSourcesBuildPhase;
			buildActionMask = 2147483647;
			files = (
				6CCBC29A295F8A0300FAC11C /* TransactionStorage.swift in Sources */,
				6C6F63282965D1DD007D7600 /* EncodableExtensions.swift in Sources */,
				6C82DB9F299CA465007F13C1 /* SwiftUIView.swift in Sources */,
				6C6A5DF2298B6D5D00FB847F /* SelectCategoryScene.swift in Sources */,
				6C6F632A2965F20A007D7600 /* QuickActionEntity.swift in Sources */,
				6CCBC2B22960008400FAC11C /* DateExtensions.swift in Sources */,
				6C6F632C2965F4AB007D7600 /* AppDelegate.swift in Sources */,
				6CCBC2B0295FFAD700FAC11C /* AddBudgetScene.swift in Sources */,
				6CCBC2AE295F990800FAC11C /* AddTransactionScene.swift in Sources */,
				6CCBC296295F851E00FAC11C /* BudgetError.swift in Sources */,
				6C6584EA296124CD003A9ABA /* TransactionPresenter.swift in Sources */,
				6CCBC2A5295F93E000FAC11C /* TransactionScene.swift in Sources */,
				6C4FF88829A6D8B90026D8E0 /* StringExtensions.swift in Sources */,
				6C6F63242964D0B7007D7600 /* SideBarScene.swift in Sources */,
				6C6F63262965D161007D7600 /* DataDocument.swift in Sources */,
				6CCBC2B42960021B00FAC11C /* ApplicationExtension.swift in Sources */,
				6CCBC28A295F807300FAC11C /* BudgetEntity.swift in Sources */,
				6C6F63202964CC04007D7600 /* WidgetEntity.swift in Sources */,
				6CCBC2AC295F98C400FAC11C /* AddCategoryScene.swift in Sources */,
				6CCBC2A7295F93EB00FAC11C /* BudgetScene.swift in Sources */,
				6CCBC293295F840500FAC11C /* ArrayExtensions.swift in Sources */,
				6CCBC2A2295F93CD00FAC11C /* CategoryScene.swift in Sources */,
				6CCBC28C295F815400FAC11C /* TransactionEntity.swift in Sources */,
				6C6584E82961167B003A9ABA /* AddCategoryPresenter.swift in Sources */,
				6CCBC288295F7FE600FAC11C /* CategoryEntity.swift in Sources */,
				6CA9227F295F7F1C007B270F /* BudgetApp.swift in Sources */,
				6C4FF88429A5C3CE0026D8E0 /* SelectionTabView.swift in Sources */,
				6C6584E629610D08003A9ABA /* CategoryPresenter.swift in Sources */,
				6C6584F02961C9C8003A9ABA /* BudgetPresenter.swift in Sources */,
				6C4FF88629A68A7C0026D8E0 /* CollapsedView.swift in Sources */,
				6CE350C82996CA3C00DDF9C6 /* CircularProgressView.swift in Sources */,
				6CC9D1CB2993F0EC00F030F7 /* IndicatorPointView.swift in Sources */,
				6C6584EC296131B4003A9ABA /* AddTransactionPresenter.swift in Sources */,
				6CCBC290295F821B00FAC11C /* Storage.swift in Sources */,
				6CCBC298295F882F00FAC11C /* CategoryStorage.swift in Sources */,
				6C7317AB2960C2D000AD0539 /* ColorExtension.swift in Sources */,
			);
			runOnlyForDeploymentPostprocessing = 0;
		};
/* End PBXSourcesBuildPhase section */

/* Begin XCBuildConfiguration section */
		6CA92288295F7F1E007B270F /* Debug */ = {
			isa = XCBuildConfiguration;
			buildSettings = {
				ALWAYS_SEARCH_USER_PATHS = NO;
				CLANG_ANALYZER_NONNULL = YES;
				CLANG_ANALYZER_NUMBER_OBJECT_CONVERSION = YES_AGGRESSIVE;
				CLANG_CXX_LANGUAGE_STANDARD = "gnu++20";
				CLANG_ENABLE_MODULES = YES;
				CLANG_ENABLE_OBJC_ARC = YES;
				CLANG_ENABLE_OBJC_WEAK = YES;
				CLANG_WARN_BLOCK_CAPTURE_AUTORELEASING = YES;
				CLANG_WARN_BOOL_CONVERSION = YES;
				CLANG_WARN_COMMA = YES;
				CLANG_WARN_CONSTANT_CONVERSION = YES;
				CLANG_WARN_DEPRECATED_OBJC_IMPLEMENTATIONS = YES;
				CLANG_WARN_DIRECT_OBJC_ISA_USAGE = YES_ERROR;
				CLANG_WARN_DOCUMENTATION_COMMENTS = YES;
				CLANG_WARN_EMPTY_BODY = YES;
				CLANG_WARN_ENUM_CONVERSION = YES;
				CLANG_WARN_INFINITE_RECURSION = YES;
				CLANG_WARN_INT_CONVERSION = YES;
				CLANG_WARN_NON_LITERAL_NULL_CONVERSION = YES;
				CLANG_WARN_OBJC_IMPLICIT_RETAIN_SELF = YES;
				CLANG_WARN_OBJC_LITERAL_CONVERSION = YES;
				CLANG_WARN_OBJC_ROOT_CLASS = YES_ERROR;
				CLANG_WARN_QUOTED_INCLUDE_IN_FRAMEWORK_HEADER = YES;
				CLANG_WARN_RANGE_LOOP_ANALYSIS = YES;
				CLANG_WARN_STRICT_PROTOTYPES = YES;
				CLANG_WARN_SUSPICIOUS_MOVE = YES;
				CLANG_WARN_UNGUARDED_AVAILABILITY = YES_AGGRESSIVE;
				CLANG_WARN_UNREACHABLE_CODE = YES;
				CLANG_WARN__DUPLICATE_METHOD_MATCH = YES;
				COPY_PHASE_STRIP = NO;
				DEAD_CODE_STRIPPING = YES;
				DEBUG_INFORMATION_FORMAT = dwarf;
				ENABLE_STRICT_OBJC_MSGSEND = YES;
				ENABLE_TESTABILITY = YES;
				GCC_C_LANGUAGE_STANDARD = gnu11;
				GCC_DYNAMIC_NO_PIC = NO;
				GCC_NO_COMMON_BLOCKS = YES;
				GCC_OPTIMIZATION_LEVEL = 0;
				GCC_PREPROCESSOR_DEFINITIONS = (
					"DEBUG=1",
					"$(inherited)",
				);
				GCC_WARN_64_TO_32_BIT_CONVERSION = YES;
				GCC_WARN_ABOUT_RETURN_TYPE = YES_ERROR;
				GCC_WARN_UNDECLARED_SELECTOR = YES;
				GCC_WARN_UNINITIALIZED_AUTOS = YES_AGGRESSIVE;
				GCC_WARN_UNUSED_FUNCTION = YES;
				GCC_WARN_UNUSED_VARIABLE = YES;
				MTL_ENABLE_DEBUG_INFO = INCLUDE_SOURCE;
				MTL_FAST_MATH = YES;
				ONLY_ACTIVE_ARCH = YES;
				SWIFT_ACTIVE_COMPILATION_CONDITIONS = DEBUG;
				SWIFT_OPTIMIZATION_LEVEL = "-Onone";
			};
			name = Debug;
		};
		6CA92289295F7F1E007B270F /* Release */ = {
			isa = XCBuildConfiguration;
			buildSettings = {
				ALWAYS_SEARCH_USER_PATHS = NO;
				CLANG_ANALYZER_NONNULL = YES;
				CLANG_ANALYZER_NUMBER_OBJECT_CONVERSION = YES_AGGRESSIVE;
				CLANG_CXX_LANGUAGE_STANDARD = "gnu++20";
				CLANG_ENABLE_MODULES = YES;
				CLANG_ENABLE_OBJC_ARC = YES;
				CLANG_ENABLE_OBJC_WEAK = YES;
				CLANG_WARN_BLOCK_CAPTURE_AUTORELEASING = YES;
				CLANG_WARN_BOOL_CONVERSION = YES;
				CLANG_WARN_COMMA = YES;
				CLANG_WARN_CONSTANT_CONVERSION = YES;
				CLANG_WARN_DEPRECATED_OBJC_IMPLEMENTATIONS = YES;
				CLANG_WARN_DIRECT_OBJC_ISA_USAGE = YES_ERROR;
				CLANG_WARN_DOCUMENTATION_COMMENTS = YES;
				CLANG_WARN_EMPTY_BODY = YES;
				CLANG_WARN_ENUM_CONVERSION = YES;
				CLANG_WARN_INFINITE_RECURSION = YES;
				CLANG_WARN_INT_CONVERSION = YES;
				CLANG_WARN_NON_LITERAL_NULL_CONVERSION = YES;
				CLANG_WARN_OBJC_IMPLICIT_RETAIN_SELF = YES;
				CLANG_WARN_OBJC_LITERAL_CONVERSION = YES;
				CLANG_WARN_OBJC_ROOT_CLASS = YES_ERROR;
				CLANG_WARN_QUOTED_INCLUDE_IN_FRAMEWORK_HEADER = YES;
				CLANG_WARN_RANGE_LOOP_ANALYSIS = YES;
				CLANG_WARN_STRICT_PROTOTYPES = YES;
				CLANG_WARN_SUSPICIOUS_MOVE = YES;
				CLANG_WARN_UNGUARDED_AVAILABILITY = YES_AGGRESSIVE;
				CLANG_WARN_UNREACHABLE_CODE = YES;
				CLANG_WARN__DUPLICATE_METHOD_MATCH = YES;
				COPY_PHASE_STRIP = NO;
				DEAD_CODE_STRIPPING = YES;
				DEBUG_INFORMATION_FORMAT = "dwarf-with-dsym";
				ENABLE_NS_ASSERTIONS = NO;
				ENABLE_STRICT_OBJC_MSGSEND = YES;
				GCC_C_LANGUAGE_STANDARD = gnu11;
				GCC_NO_COMMON_BLOCKS = YES;
				GCC_WARN_64_TO_32_BIT_CONVERSION = YES;
				GCC_WARN_ABOUT_RETURN_TYPE = YES_ERROR;
				GCC_WARN_UNDECLARED_SELECTOR = YES;
				GCC_WARN_UNINITIALIZED_AUTOS = YES_AGGRESSIVE;
				GCC_WARN_UNUSED_FUNCTION = YES;
				GCC_WARN_UNUSED_VARIABLE = YES;
				MTL_ENABLE_DEBUG_INFO = NO;
				MTL_FAST_MATH = YES;
				SWIFT_COMPILATION_MODE = wholemodule;
				SWIFT_OPTIMIZATION_LEVEL = "-O";
			};
			name = Release;
		};
		6CA9228B295F7F1E007B270F /* Debug */ = {
			isa = XCBuildConfiguration;
			buildSettings = {
				ALWAYS_EMBED_SWIFT_STANDARD_LIBRARIES = YES;
				ASSETCATALOG_COMPILER_APPICON_NAME = AppIcon;
				ASSETCATALOG_COMPILER_GLOBAL_ACCENT_COLOR_NAME = AccentColor;
				ASSETCATALOG_COMPILER_INCLUDE_ALL_APPICON_ASSETS = YES;
				CODE_SIGN_ENTITLEMENTS = Budget/Budget.entitlements;
				CODE_SIGN_IDENTITY = "-";
				"CODE_SIGN_IDENTITY[sdk=iphoneos*]" = "Apple Development";
				"CODE_SIGN_IDENTITY[sdk=macosx*]" = "Apple Development";
				CODE_SIGN_STYLE = Automatic;
				CURRENT_PROJECT_VERSION = 1;
				DEAD_CODE_STRIPPING = YES;
				DEVELOPMENT_ASSET_PATHS = "\"Budget/Preview Content\"";
				DEVELOPMENT_TEAM = Q7QLR2PH2X;
				ENABLE_HARDENED_RUNTIME = YES;
				ENABLE_PREVIEWS = YES;
				GENERATE_INFOPLIST_FILE = YES;
				INFOPLIST_FILE = Budget/Info.plist;
				INFOPLIST_KEY_LSApplicationCategoryType = "public.app-category.finance";
				"INFOPLIST_KEY_UIApplicationSceneManifest_Generation[sdk=iphoneos*]" = YES;
				"INFOPLIST_KEY_UIApplicationSceneManifest_Generation[sdk=iphonesimulator*]" = YES;
				"INFOPLIST_KEY_UIApplicationSupportsIndirectInputEvents[sdk=iphoneos*]" = YES;
				"INFOPLIST_KEY_UIApplicationSupportsIndirectInputEvents[sdk=iphonesimulator*]" = YES;
				"INFOPLIST_KEY_UILaunchScreen_Generation[sdk=iphoneos*]" = YES;
				"INFOPLIST_KEY_UILaunchScreen_Generation[sdk=iphonesimulator*]" = YES;
				"INFOPLIST_KEY_UIStatusBarStyle[sdk=iphoneos*]" = UIStatusBarStyleDefault;
				"INFOPLIST_KEY_UIStatusBarStyle[sdk=iphonesimulator*]" = UIStatusBarStyleDefault;
				INFOPLIST_KEY_UISupportedInterfaceOrientations = UIInterfaceOrientationPortrait;
				INFOPLIST_KEY_UISupportedInterfaceOrientations_iPad = "UIInterfaceOrientationLandscapeLeft UIInterfaceOrientationLandscapeRight UIInterfaceOrientationPortrait UIInterfaceOrientationPortraitUpsideDown";
				IPHONEOS_DEPLOYMENT_TARGET = 15.0;
				LD_RUNPATH_SEARCH_PATHS = "@executable_path/Frameworks";
				"LD_RUNPATH_SEARCH_PATHS[sdk=macosx*]" = "@executable_path/../Frameworks";
				MACOSX_DEPLOYMENT_TARGET = 13.0;
				MARKETING_VERSION = 1.0;
				PRODUCT_BUNDLE_IDENTIFIER = br.com.rafaelescaleira.Budget;
				PRODUCT_NAME = "$(TARGET_NAME)";
				SDKROOT = auto;
				SUPPORTED_PLATFORMS = "iphoneos iphonesimulator macosx";
				SUPPORTS_MACCATALYST = NO;
				SUPPORTS_MAC_DESIGNED_FOR_IPHONE_IPAD = NO;
				SWIFT_EMIT_LOC_STRINGS = YES;
				SWIFT_VERSION = 5.0;
				TARGETED_DEVICE_FAMILY = "1,2";
			};
			name = Debug;
		};
		6CA9228C295F7F1E007B270F /* Release */ = {
			isa = XCBuildConfiguration;
			buildSettings = {
				ALWAYS_EMBED_SWIFT_STANDARD_LIBRARIES = YES;
				ASSETCATALOG_COMPILER_APPICON_NAME = AppIcon;
				ASSETCATALOG_COMPILER_GLOBAL_ACCENT_COLOR_NAME = AccentColor;
				ASSETCATALOG_COMPILER_INCLUDE_ALL_APPICON_ASSETS = YES;
				CODE_SIGN_ENTITLEMENTS = Budget/Budget.entitlements;
				CODE_SIGN_IDENTITY = "-";
				"CODE_SIGN_IDENTITY[sdk=iphoneos*]" = "Apple Development";
				"CODE_SIGN_IDENTITY[sdk=macosx*]" = "Apple Development";
				CODE_SIGN_STYLE = Automatic;
				CURRENT_PROJECT_VERSION = 1;
				DEAD_CODE_STRIPPING = YES;
				DEVELOPMENT_ASSET_PATHS = "\"Budget/Preview Content\"";
				DEVELOPMENT_TEAM = Q7QLR2PH2X;
				ENABLE_HARDENED_RUNTIME = YES;
				ENABLE_PREVIEWS = YES;
				GENERATE_INFOPLIST_FILE = YES;
				INFOPLIST_FILE = Budget/Info.plist;
				INFOPLIST_KEY_LSApplicationCategoryType = "public.app-category.finance";
				"INFOPLIST_KEY_UIApplicationSceneManifest_Generation[sdk=iphoneos*]" = YES;
				"INFOPLIST_KEY_UIApplicationSceneManifest_Generation[sdk=iphonesimulator*]" = YES;
				"INFOPLIST_KEY_UIApplicationSupportsIndirectInputEvents[sdk=iphoneos*]" = YES;
				"INFOPLIST_KEY_UIApplicationSupportsIndirectInputEvents[sdk=iphonesimulator*]" = YES;
				"INFOPLIST_KEY_UILaunchScreen_Generation[sdk=iphoneos*]" = YES;
				"INFOPLIST_KEY_UILaunchScreen_Generation[sdk=iphonesimulator*]" = YES;
				"INFOPLIST_KEY_UIStatusBarStyle[sdk=iphoneos*]" = UIStatusBarStyleDefault;
				"INFOPLIST_KEY_UIStatusBarStyle[sdk=iphonesimulator*]" = UIStatusBarStyleDefault;
				INFOPLIST_KEY_UISupportedInterfaceOrientations = UIInterfaceOrientationPortrait;
				INFOPLIST_KEY_UISupportedInterfaceOrientations_iPad = "UIInterfaceOrientationLandscapeLeft UIInterfaceOrientationLandscapeRight UIInterfaceOrientationPortrait UIInterfaceOrientationPortraitUpsideDown";
				IPHONEOS_DEPLOYMENT_TARGET = 15.0;
				LD_RUNPATH_SEARCH_PATHS = "@executable_path/Frameworks";
				"LD_RUNPATH_SEARCH_PATHS[sdk=macosx*]" = "@executable_path/../Frameworks";
				MACOSX_DEPLOYMENT_TARGET = 13.0;
				MARKETING_VERSION = 1.0;
				PRODUCT_BUNDLE_IDENTIFIER = br.com.rafaelescaleira.Budget;
				PRODUCT_NAME = "$(TARGET_NAME)";
				SDKROOT = auto;
				SUPPORTED_PLATFORMS = "iphoneos iphonesimulator macosx";
				SUPPORTS_MACCATALYST = NO;
				SUPPORTS_MAC_DESIGNED_FOR_IPHONE_IPAD = NO;
				SWIFT_EMIT_LOC_STRINGS = YES;
				SWIFT_VERSION = 5.0;
				TARGETED_DEVICE_FAMILY = "1,2";
			};
			name = Release;
		};
/* End XCBuildConfiguration section */

/* Begin XCConfigurationList section */
		6CA92276295F7F1C007B270F /* Build configuration list for PBXProject "Budget" */ = {
			isa = XCConfigurationList;
			buildConfigurations = (
				6CA92288295F7F1E007B270F /* Debug */,
				6CA92289295F7F1E007B270F /* Release */,
			);
			defaultConfigurationIsVisible = 0;
			defaultConfigurationName = Release;
		};
		6CA9228A295F7F1E007B270F /* Build configuration list for PBXNativeTarget "Budget" */ = {
			isa = XCConfigurationList;
			buildConfigurations = (
				6CA9228B295F7F1E007B270F /* Debug */,
				6CA9228C295F7F1E007B270F /* Release */,
			);
			defaultConfigurationIsVisible = 0;
			defaultConfigurationName = Release;
		};
/* End XCConfigurationList section */

/* Begin XCRemoteSwiftPackageReference section */
		6C8B933C298B87C9004496DE /* XCRemoteSwiftPackageReference "refds-core" */ = {
			isa = XCRemoteSwiftPackageReference;
			repositoryURL = "https://github.com/refdsenterprise/refds-core.git";
			requirement = {
				branch = main;
				kind = branch;
			};
		};
		6CCBC2A8295F94C100FAC11C /* XCRemoteSwiftPackageReference "refds-design-system" */ = {
			isa = XCRemoteSwiftPackageReference;
			repositoryURL = "https://github.com/refdsenterprise/refds-design-system.git";
			requirement = {
				branch = develop;
				kind = branch;
			};
		};
/* End XCRemoteSwiftPackageReference section */

/* Begin XCSwiftPackageProductDependency section */
		6C8B933D298B87C9004496DE /* RefdsCore */ = {
			isa = XCSwiftPackageProductDependency;
			package = 6C8B933C298B87C9004496DE /* XCRemoteSwiftPackageReference "refds-core" */;
			productName = RefdsCore;
		};
		6CCBC2A9295F94C100FAC11C /* RefdsUI */ = {
			isa = XCSwiftPackageProductDependency;
			package = 6CCBC2A8295F94C100FAC11C /* XCRemoteSwiftPackageReference "refds-design-system" */;
			productName = RefdsUI;
		};
/* End XCSwiftPackageProductDependency section */
	};
	rootObject = 6CA92273295F7F1C007B270F /* Project object */;
}
