// !$*UTF8*$!
{
	archiveVersion = 1;
	classes = {
	};
	objectVersion = 56;
	objects = {

/* Begin PBXBuildFile section */
		6C11044D29A88DAF008BD3A6 /* Core in Frameworks */ = {isa = PBXBuildFile; productRef = 6C11044C29A88DAF008BD3A6 /* Core */; };
		6C6F63242964D0B7007D7600 /* SideBarScene.swift in Sources */ = {isa = PBXBuildFile; fileRef = 6C6F63232964D0B7007D7600 /* SideBarScene.swift */; };
		6C6F632C2965F4AB007D7600 /* AppDelegate.swift in Sources */ = {isa = PBXBuildFile; fileRef = 6C6F632B2965F4AB007D7600 /* AppDelegate.swift */; };
		6C8B933E298B87C9004496DE /* RefdsCore in Frameworks */ = {isa = PBXBuildFile; productRef = 6C8B933D298B87C9004496DE /* RefdsCore */; };
		6CA9227F295F7F1C007B270F /* BudgetApp.swift in Sources */ = {isa = PBXBuildFile; fileRef = 6CA9227E295F7F1C007B270F /* BudgetApp.swift */; };
		6CA92283295F7F1E007B270F /* Assets.xcassets in Resources */ = {isa = PBXBuildFile; fileRef = 6CA92282295F7F1E007B270F /* Assets.xcassets */; };
		6CA92287295F7F1E007B270F /* Preview Assets.xcassets in Resources */ = {isa = PBXBuildFile; fileRef = 6CA92286295F7F1E007B270F /* Preview Assets.xcassets */; };
		6CBBBEEA29A87F0900B63D2F /* Domain in Frameworks */ = {isa = PBXBuildFile; productRef = 6CBBBEE929A87F0900B63D2F /* Domain */; };
		6CBBBEEC29A8855600B63D2F /* Data in Frameworks */ = {isa = PBXBuildFile; productRef = 6CBBBEEB29A8855600B63D2F /* Data */; };
		6CCBC2A7295F93EB00FAC11C /* BudgetScene.swift in Sources */ = {isa = PBXBuildFile; fileRef = 6CCBC2A6295F93EB00FAC11C /* BudgetScene.swift */; };
		6CCBC2AA295F94C100FAC11C /* RefdsUI in Frameworks */ = {isa = PBXBuildFile; productRef = 6CCBC2A9295F94C100FAC11C /* RefdsUI */; };
		6CDE705B29A88B7400C9EA53 /* Presentation in Frameworks */ = {isa = PBXBuildFile; productRef = 6CDE705A29A88B7400C9EA53 /* Presentation */; };
		6CE6A5DF29A8994000713612 /* Category in Frameworks */ = {isa = PBXBuildFile; productRef = 6CE6A5DE29A8994000713612 /* Category */; };
		6CE6A5E129A899A300713612 /* Transaction in Frameworks */ = {isa = PBXBuildFile; productRef = 6CE6A5E029A899A300713612 /* Transaction */; };
/* End PBXBuildFile section */

/* Begin PBXCopyFilesBuildPhase section */
		6C6F62F22964C1C3007D7600 /* Embed Foundation Extensions */ = {
			isa = PBXCopyFilesBuildPhase;
			buildActionMask = 2147483647;
			dstPath = "";
			dstSubfolderSpec = 13;
			files = (
			);
			name = "Embed Foundation Extensions";
			runOnlyForDeploymentPostprocessing = 0;
		};
/* End PBXCopyFilesBuildPhase section */

/* Begin PBXFileReference section */
		6C6F62DE2964C1C2007D7600 /* WidgetKit.framework */ = {isa = PBXFileReference; lastKnownFileType = wrapper.framework; name = WidgetKit.framework; path = System/Library/Frameworks/WidgetKit.framework; sourceTree = SDKROOT; };
		6C6F62E02964C1C2007D7600 /* SwiftUI.framework */ = {isa = PBXFileReference; lastKnownFileType = wrapper.framework; name = SwiftUI.framework; path = System/Library/Frameworks/SwiftUI.framework; sourceTree = SDKROOT; };
		6C6F62F62964C5F6007D7600 /* Info.plist */ = {isa = PBXFileReference; lastKnownFileType = text.plist; path = Info.plist; sourceTree = "<group>"; };
		6C6F63232964D0B7007D7600 /* SideBarScene.swift */ = {isa = PBXFileReference; lastKnownFileType = sourcecode.swift; path = SideBarScene.swift; sourceTree = "<group>"; };
		6C6F632B2965F4AB007D7600 /* AppDelegate.swift */ = {isa = PBXFileReference; lastKnownFileType = sourcecode.swift; path = AppDelegate.swift; sourceTree = "<group>"; };
		6CA9227B295F7F1C007B270F /* Budget.app */ = {isa = PBXFileReference; explicitFileType = wrapper.application; includeInIndex = 0; path = Budget.app; sourceTree = BUILT_PRODUCTS_DIR; };
		6CA9227E295F7F1C007B270F /* BudgetApp.swift */ = {isa = PBXFileReference; lastKnownFileType = sourcecode.swift; path = BudgetApp.swift; sourceTree = "<group>"; };
		6CA92282295F7F1E007B270F /* Assets.xcassets */ = {isa = PBXFileReference; lastKnownFileType = folder.assetcatalog; path = Assets.xcassets; sourceTree = "<group>"; };
		6CA92284295F7F1E007B270F /* Budget.entitlements */ = {isa = PBXFileReference; lastKnownFileType = text.plist.entitlements; path = Budget.entitlements; sourceTree = "<group>"; };
		6CA92286295F7F1E007B270F /* Preview Assets.xcassets */ = {isa = PBXFileReference; lastKnownFileType = folder.assetcatalog; path = "Preview Assets.xcassets"; sourceTree = "<group>"; };
		6CCBC2A6295F93EB00FAC11C /* BudgetScene.swift */ = {isa = PBXFileReference; lastKnownFileType = sourcecode.swift; path = BudgetScene.swift; sourceTree = "<group>"; };
/* End PBXFileReference section */

/* Begin PBXFrameworksBuildPhase section */
		6CA92278295F7F1C007B270F /* Frameworks */ = {
			isa = PBXFrameworksBuildPhase;
			buildActionMask = 2147483647;
			files = (
				6CBBBEEA29A87F0900B63D2F /* Domain in Frameworks */,
				6CE6A5E129A899A300713612 /* Transaction in Frameworks */,
				6C8B933E298B87C9004496DE /* RefdsCore in Frameworks */,
				6CE6A5DF29A8994000713612 /* Category in Frameworks */,
				6CBBBEEC29A8855600B63D2F /* Data in Frameworks */,
				6CDE705B29A88B7400C9EA53 /* Presentation in Frameworks */,
				6CCBC2AA295F94C100FAC11C /* RefdsUI in Frameworks */,
				6C11044D29A88DAF008BD3A6 /* Core in Frameworks */,
			);
			runOnlyForDeploymentPostprocessing = 0;
		};
/* End PBXFrameworksBuildPhase section */

/* Begin PBXGroup section */
		6C0E75392961FE7D0059A042 /* Frameworks */ = {
			isa = PBXGroup;
			children = (
				6C6F62DE2964C1C2007D7600 /* WidgetKit.framework */,
				6C6F62E02964C1C2007D7600 /* SwiftUI.framework */,
			);
			name = Frameworks;
			sourceTree = "<group>";
		};
		6CA92272295F7F1C007B270F = {
			isa = PBXGroup;
			children = (
				6CA9227D295F7F1C007B270F /* Budget */,
				6CA9227C295F7F1C007B270F /* Products */,
				6C0E75392961FE7D0059A042 /* Frameworks */,
			);
			sourceTree = "<group>";
		};
		6CA9227C295F7F1C007B270F /* Products */ = {
			isa = PBXGroup;
			children = (
				6CA9227B295F7F1C007B270F /* Budget.app */,
			);
			name = Products;
			sourceTree = "<group>";
		};
		6CA9227D295F7F1C007B270F /* Budget */ = {
			isa = PBXGroup;
			children = (
				6C6F62F62964C5F6007D7600 /* Info.plist */,
				6CA92284295F7F1E007B270F /* Budget.entitlements */,
				6CA9227E295F7F1C007B270F /* BudgetApp.swift */,
				6C6F632B2965F4AB007D7600 /* AppDelegate.swift */,
				6CA92282295F7F1E007B270F /* Assets.xcassets */,
				6CA92285295F7F1E007B270F /* Preview Content */,
				6CCBC29F295F93B400FAC11C /* View */,
			);
			path = Budget;
			sourceTree = "<group>";
		};
		6CA92285295F7F1E007B270F /* Preview Content */ = {
			isa = PBXGroup;
			children = (
				6CA92286295F7F1E007B270F /* Preview Assets.xcassets */,
			);
			path = "Preview Content";
			sourceTree = "<group>";
		};
		6CCBC29F295F93B400FAC11C /* View */ = {
			isa = PBXGroup;
			children = (
				6CCBC2A0295F93BD00FAC11C /* Scene */,
			);
			path = View;
			sourceTree = "<group>";
		};
		6CCBC2A0295F93BD00FAC11C /* Scene */ = {
			isa = PBXGroup;
			children = (
				6CCBC2A6295F93EB00FAC11C /* BudgetScene.swift */,
				6C6F63232964D0B7007D7600 /* SideBarScene.swift */,
			);
			path = Scene;
			sourceTree = "<group>";
		};
/* End PBXGroup section */

/* Begin PBXNativeTarget section */
		6CA9227A295F7F1C007B270F /* Budget */ = {
			isa = PBXNativeTarget;
			buildConfigurationList = 6CA9228A295F7F1E007B270F /* Build configuration list for PBXNativeTarget "Budget" */;
			buildPhases = (
				6CA92277295F7F1C007B270F /* Sources */,
				6CA92278295F7F1C007B270F /* Frameworks */,
				6CA92279295F7F1C007B270F /* Resources */,
				6C6F62F22964C1C3007D7600 /* Embed Foundation Extensions */,
			);
			buildRules = (
			);
			dependencies = (
			);
			name = Budget;
			packageProductDependencies = (
				6CCBC2A9295F94C100FAC11C /* RefdsUI */,
				6C8B933D298B87C9004496DE /* RefdsCore */,
				6CBBBEE929A87F0900B63D2F /* Domain */,
				6CBBBEEB29A8855600B63D2F /* Data */,
				6CDE705A29A88B7400C9EA53 /* Presentation */,
				6C11044C29A88DAF008BD3A6 /* Core */,
				6CE6A5DE29A8994000713612 /* Category */,
				6CE6A5E029A899A300713612 /* Transaction */,
			);
			productName = Budget;
			productReference = 6CA9227B295F7F1C007B270F /* Budget.app */;
			productType = "com.apple.product-type.application";
		};
/* End PBXNativeTarget section */

/* Begin PBXProject section */
		6CA92273295F7F1C007B270F /* Project object */ = {
			isa = PBXProject;
			attributes = {
				BuildIndependentTargetsInParallel = 1;
				LastSwiftUpdateCheck = 1420;
				LastUpgradeCheck = 1420;
				TargetAttributes = {
					6CA9227A295F7F1C007B270F = {
						CreatedOnToolsVersion = 14.1;
					};
				};
			};
			buildConfigurationList = 6CA92276295F7F1C007B270F /* Build configuration list for PBXProject "Budget" */;
			compatibilityVersion = "Xcode 14.0";
			developmentRegion = en;
			hasScannedForEncodings = 0;
			knownRegions = (
				en,
				Base,
			);
			mainGroup = 6CA92272295F7F1C007B270F;
			packageReferences = (
				6CCBC2A8295F94C100FAC11C /* XCRemoteSwiftPackageReference "refds-design-system" */,
				6C8B933C298B87C9004496DE /* XCRemoteSwiftPackageReference "refds-core" */,
			);
			productRefGroup = 6CA9227C295F7F1C007B270F /* Products */;
			projectDirPath = "";
			projectRoot = "";
			targets = (
				6CA9227A295F7F1C007B270F /* Budget */,
			);
		};
/* End PBXProject section */

/* Begin PBXResourcesBuildPhase section */
		6CA92279295F7F1C007B270F /* Resources */ = {
			isa = PBXResourcesBuildPhase;
			buildActionMask = 2147483647;
			files = (
				6CA92287295F7F1E007B270F /* Preview Assets.xcassets in Resources */,
				6CA92283295F7F1E007B270F /* Assets.xcassets in Resources */,
			);
			runOnlyForDeploymentPostprocessing = 0;
		};
/* End PBXResourcesBuildPhase section */

/* Begin PBXSourcesBuildPhase section */
		6CA92277295F7F1C007B270F /* Sources */ = {
			isa = PBXSourcesBuildPhase;
			buildActionMask = 2147483647;
			files = (
				6C6F632C2965F4AB007D7600 /* AppDelegate.swift in Sources */,
				6C6F63242964D0B7007D7600 /* SideBarScene.swift in Sources */,
				6CCBC2A7295F93EB00FAC11C /* BudgetScene.swift in Sources */,
				6CA9227F295F7F1C007B270F /* BudgetApp.swift in Sources */,
			);
			runOnlyForDeploymentPostprocessing = 0;
		};
/* End PBXSourcesBuildPhase section */

/* Begin XCBuildConfiguration section */
		6CA92288295F7F1E007B270F /* Debug */ = {
			isa = XCBuildConfiguration;
			buildSettings = {
				ALWAYS_SEARCH_USER_PATHS = NO;
				CLANG_ANALYZER_NONNULL = YES;
				CLANG_ANALYZER_NUMBER_OBJECT_CONVERSION = YES_AGGRESSIVE;
				CLANG_CXX_LANGUAGE_STANDARD = "gnu++20";
				CLANG_ENABLE_MODULES = YES;
				CLANG_ENABLE_OBJC_ARC = YES;
				CLANG_ENABLE_OBJC_WEAK = YES;
				CLANG_WARN_BLOCK_CAPTURE_AUTORELEASING = YES;
				CLANG_WARN_BOOL_CONVERSION = YES;
				CLANG_WARN_COMMA = YES;
				CLANG_WARN_CONSTANT_CONVERSION = YES;
				CLANG_WARN_DEPRECATED_OBJC_IMPLEMENTATIONS = YES;
				CLANG_WARN_DIRECT_OBJC_ISA_USAGE = YES_ERROR;
				CLANG_WARN_DOCUMENTATION_COMMENTS = YES;
				CLANG_WARN_EMPTY_BODY = YES;
				CLANG_WARN_ENUM_CONVERSION = YES;
				CLANG_WARN_INFINITE_RECURSION = YES;
				CLANG_WARN_INT_CONVERSION = YES;
				CLANG_WARN_NON_LITERAL_NULL_CONVERSION = YES;
				CLANG_WARN_OBJC_IMPLICIT_RETAIN_SELF = YES;
				CLANG_WARN_OBJC_LITERAL_CONVERSION = YES;
				CLANG_WARN_OBJC_ROOT_CLASS = YES_ERROR;
				CLANG_WARN_QUOTED_INCLUDE_IN_FRAMEWORK_HEADER = YES;
				CLANG_WARN_RANGE_LOOP_ANALYSIS = YES;
				CLANG_WARN_STRICT_PROTOTYPES = YES;
				CLANG_WARN_SUSPICIOUS_MOVE = YES;
				CLANG_WARN_UNGUARDED_AVAILABILITY = YES_AGGRESSIVE;
				CLANG_WARN_UNREACHABLE_CODE = YES;
				CLANG_WARN__DUPLICATE_METHOD_MATCH = YES;
				COPY_PHASE_STRIP = NO;
				DEAD_CODE_STRIPPING = YES;
				DEBUG_INFORMATION_FORMAT = dwarf;
				ENABLE_STRICT_OBJC_MSGSEND = YES;
				ENABLE_TESTABILITY = YES;
				GCC_C_LANGUAGE_STANDARD = gnu11;
				GCC_DYNAMIC_NO_PIC = NO;
				GCC_NO_COMMON_BLOCKS = YES;
				GCC_OPTIMIZATION_LEVEL = 0;
				GCC_PREPROCESSOR_DEFINITIONS = (
					"DEBUG=1",
					"$(inherited)",
				);
				GCC_WARN_64_TO_32_BIT_CONVERSION = YES;
				GCC_WARN_ABOUT_RETURN_TYPE = YES_ERROR;
				GCC_WARN_UNDECLARED_SELECTOR = YES;
				GCC_WARN_UNINITIALIZED_AUTOS = YES_AGGRESSIVE;
				GCC_WARN_UNUSED_FUNCTION = YES;
				GCC_WARN_UNUSED_VARIABLE = YES;
				MTL_ENABLE_DEBUG_INFO = INCLUDE_SOURCE;
				MTL_FAST_MATH = YES;
				ONLY_ACTIVE_ARCH = YES;
				SWIFT_ACTIVE_COMPILATION_CONDITIONS = DEBUG;
				SWIFT_OPTIMIZATION_LEVEL = "-Onone";
			};
			name = Debug;
		};
		6CA92289295F7F1E007B270F /* Release */ = {
			isa = XCBuildConfiguration;
			buildSettings = {
				ALWAYS_SEARCH_USER_PATHS = NO;
				CLANG_ANALYZER_NONNULL = YES;
				CLANG_ANALYZER_NUMBER_OBJECT_CONVERSION = YES_AGGRESSIVE;
				CLANG_CXX_LANGUAGE_STANDARD = "gnu++20";
				CLANG_ENABLE_MODULES = YES;
				CLANG_ENABLE_OBJC_ARC = YES;
				CLANG_ENABLE_OBJC_WEAK = YES;
				CLANG_WARN_BLOCK_CAPTURE_AUTORELEASING = YES;
				CLANG_WARN_BOOL_CONVERSION = YES;
				CLANG_WARN_COMMA = YES;
				CLANG_WARN_CONSTANT_CONVERSION = YES;
				CLANG_WARN_DEPRECATED_OBJC_IMPLEMENTATIONS = YES;
				CLANG_WARN_DIRECT_OBJC_ISA_USAGE = YES_ERROR;
				CLANG_WARN_DOCUMENTATION_COMMENTS = YES;
				CLANG_WARN_EMPTY_BODY = YES;
				CLANG_WARN_ENUM_CONVERSION = YES;
				CLANG_WARN_INFINITE_RECURSION = YES;
				CLANG_WARN_INT_CONVERSION = YES;
				CLANG_WARN_NON_LITERAL_NULL_CONVERSION = YES;
				CLANG_WARN_OBJC_IMPLICIT_RETAIN_SELF = YES;
				CLANG_WARN_OBJC_LITERAL_CONVERSION = YES;
				CLANG_WARN_OBJC_ROOT_CLASS = YES_ERROR;
				CLANG_WARN_QUOTED_INCLUDE_IN_FRAMEWORK_HEADER = YES;
				CLANG_WARN_RANGE_LOOP_ANALYSIS = YES;
				CLANG_WARN_STRICT_PROTOTYPES = YES;
				CLANG_WARN_SUSPICIOUS_MOVE = YES;
				CLANG_WARN_UNGUARDED_AVAILABILITY = YES_AGGRESSIVE;
				CLANG_WARN_UNREACHABLE_CODE = YES;
				CLANG_WARN__DUPLICATE_METHOD_MATCH = YES;
				COPY_PHASE_STRIP = NO;
				DEAD_CODE_STRIPPING = YES;
				DEBUG_INFORMATION_FORMAT = "dwarf-with-dsym";
				ENABLE_NS_ASSERTIONS = NO;
				ENABLE_STRICT_OBJC_MSGSEND = YES;
				GCC_C_LANGUAGE_STANDARD = gnu11;
				GCC_NO_COMMON_BLOCKS = YES;
				GCC_WARN_64_TO_32_BIT_CONVERSION = YES;
				GCC_WARN_ABOUT_RETURN_TYPE = YES_ERROR;
				GCC_WARN_UNDECLARED_SELECTOR = YES;
				GCC_WARN_UNINITIALIZED_AUTOS = YES_AGGRESSIVE;
				GCC_WARN_UNUSED_FUNCTION = YES;
				GCC_WARN_UNUSED_VARIABLE = YES;
				MTL_ENABLE_DEBUG_INFO = NO;
				MTL_FAST_MATH = YES;
				SWIFT_COMPILATION_MODE = wholemodule;
				SWIFT_OPTIMIZATION_LEVEL = "-O";
			};
			name = Release;
		};
		6CA9228B295F7F1E007B270F /* Debug */ = {
			isa = XCBuildConfiguration;
			buildSettings = {
				ALWAYS_EMBED_SWIFT_STANDARD_LIBRARIES = YES;
				ASSETCATALOG_COMPILER_APPICON_NAME = AppIcon;
				ASSETCATALOG_COMPILER_GLOBAL_ACCENT_COLOR_NAME = AccentColor;
				ASSETCATALOG_COMPILER_INCLUDE_ALL_APPICON_ASSETS = YES;
				CODE_SIGN_ENTITLEMENTS = Budget/Budget.entitlements;
				CODE_SIGN_IDENTITY = "-";
				"CODE_SIGN_IDENTITY[sdk=iphoneos*]" = "Apple Development";
				"CODE_SIGN_IDENTITY[sdk=macosx*]" = "Apple Development";
				CODE_SIGN_STYLE = Automatic;
				CURRENT_PROJECT_VERSION = 1;
				DEAD_CODE_STRIPPING = YES;
				DEVELOPMENT_ASSET_PATHS = "\"Budget/Preview Content\"";
				DEVELOPMENT_TEAM = Q7QLR2PH2X;
				ENABLE_HARDENED_RUNTIME = YES;
				ENABLE_PREVIEWS = YES;
				GENERATE_INFOPLIST_FILE = YES;
				INFOPLIST_FILE = Budget/Info.plist;
				INFOPLIST_KEY_LSApplicationCategoryType = "public.app-category.finance";
				"INFOPLIST_KEY_UIApplicationSceneManifest_Generation[sdk=iphoneos*]" = YES;
				"INFOPLIST_KEY_UIApplicationSceneManifest_Generation[sdk=iphonesimulator*]" = YES;
				"INFOPLIST_KEY_UIApplicationSupportsIndirectInputEvents[sdk=iphoneos*]" = YES;
				"INFOPLIST_KEY_UIApplicationSupportsIndirectInputEvents[sdk=iphonesimulator*]" = YES;
				"INFOPLIST_KEY_UILaunchScreen_Generation[sdk=iphoneos*]" = YES;
				"INFOPLIST_KEY_UILaunchScreen_Generation[sdk=iphonesimulator*]" = YES;
				"INFOPLIST_KEY_UIStatusBarStyle[sdk=iphoneos*]" = UIStatusBarStyleDefault;
				"INFOPLIST_KEY_UIStatusBarStyle[sdk=iphonesimulator*]" = UIStatusBarStyleDefault;
				INFOPLIST_KEY_UISupportedInterfaceOrientations = UIInterfaceOrientationPortrait;
				INFOPLIST_KEY_UISupportedInterfaceOrientations_iPad = "UIInterfaceOrientationLandscapeLeft UIInterfaceOrientationLandscapeRight UIInterfaceOrientationPortrait UIInterfaceOrientationPortraitUpsideDown";
				IPHONEOS_DEPLOYMENT_TARGET = 15.0;
				LD_RUNPATH_SEARCH_PATHS = "@executable_path/Frameworks";
				"LD_RUNPATH_SEARCH_PATHS[sdk=macosx*]" = "@executable_path/../Frameworks";
				MACOSX_DEPLOYMENT_TARGET = 13.0;
				MARKETING_VERSION = 1.0;
				PRODUCT_BUNDLE_IDENTIFIER = br.com.rafaelescaleira.Budget;
				PRODUCT_NAME = "$(TARGET_NAME)";
				SDKROOT = auto;
				SUPPORTED_PLATFORMS = "iphoneos iphonesimulator";
				SUPPORTS_MACCATALYST = YES;
				SUPPORTS_MAC_DESIGNED_FOR_IPHONE_IPAD = NO;
				SWIFT_EMIT_LOC_STRINGS = YES;
				SWIFT_VERSION = 5.0;
				TARGETED_DEVICE_FAMILY = "1,2";
			};
			name = Debug;
		};
		6CA9228C295F7F1E007B270F /* Release */ = {
			isa = XCBuildConfiguration;
			buildSettings = {
				ALWAYS_EMBED_SWIFT_STANDARD_LIBRARIES = YES;
				ASSETCATALOG_COMPILER_APPICON_NAME = AppIcon;
				ASSETCATALOG_COMPILER_GLOBAL_ACCENT_COLOR_NAME = AccentColor;
				ASSETCATALOG_COMPILER_INCLUDE_ALL_APPICON_ASSETS = YES;
				CODE_SIGN_ENTITLEMENTS = Budget/Budget.entitlements;
				CODE_SIGN_IDENTITY = "-";
				"CODE_SIGN_IDENTITY[sdk=iphoneos*]" = "Apple Development";
				"CODE_SIGN_IDENTITY[sdk=macosx*]" = "Apple Development";
				CODE_SIGN_STYLE = Automatic;
				CURRENT_PROJECT_VERSION = 1;
				DEAD_CODE_STRIPPING = YES;
				DEVELOPMENT_ASSET_PATHS = "\"Budget/Preview Content\"";
				DEVELOPMENT_TEAM = Q7QLR2PH2X;
				ENABLE_HARDENED_RUNTIME = YES;
				ENABLE_PREVIEWS = YES;
				GENERATE_INFOPLIST_FILE = YES;
				INFOPLIST_FILE = Budget/Info.plist;
				INFOPLIST_KEY_LSApplicationCategoryType = "public.app-category.finance";
				"INFOPLIST_KEY_UIApplicationSceneManifest_Generation[sdk=iphoneos*]" = YES;
				"INFOPLIST_KEY_UIApplicationSceneManifest_Generation[sdk=iphonesimulator*]" = YES;
				"INFOPLIST_KEY_UIApplicationSupportsIndirectInputEvents[sdk=iphoneos*]" = YES;
				"INFOPLIST_KEY_UIApplicationSupportsIndirectInputEvents[sdk=iphonesimulator*]" = YES;
				"INFOPLIST_KEY_UILaunchScreen_Generation[sdk=iphoneos*]" = YES;
				"INFOPLIST_KEY_UILaunchScreen_Generation[sdk=iphonesimulator*]" = YES;
				"INFOPLIST_KEY_UIStatusBarStyle[sdk=iphoneos*]" = UIStatusBarStyleDefault;
				"INFOPLIST_KEY_UIStatusBarStyle[sdk=iphonesimulator*]" = UIStatusBarStyleDefault;
				INFOPLIST_KEY_UISupportedInterfaceOrientations = UIInterfaceOrientationPortrait;
				INFOPLIST_KEY_UISupportedInterfaceOrientations_iPad = "UIInterfaceOrientationLandscapeLeft UIInterfaceOrientationLandscapeRight UIInterfaceOrientationPortrait UIInterfaceOrientationPortraitUpsideDown";
				IPHONEOS_DEPLOYMENT_TARGET = 15.0;
				LD_RUNPATH_SEARCH_PATHS = "@executable_path/Frameworks";
				"LD_RUNPATH_SEARCH_PATHS[sdk=macosx*]" = "@executable_path/../Frameworks";
				MACOSX_DEPLOYMENT_TARGET = 13.0;
				MARKETING_VERSION = 1.0;
				PRODUCT_BUNDLE_IDENTIFIER = br.com.rafaelescaleira.Budget;
				PRODUCT_NAME = "$(TARGET_NAME)";
				SDKROOT = auto;
				SUPPORTED_PLATFORMS = "iphoneos iphonesimulator";
				SUPPORTS_MACCATALYST = YES;
				SUPPORTS_MAC_DESIGNED_FOR_IPHONE_IPAD = NO;
				SWIFT_EMIT_LOC_STRINGS = YES;
				SWIFT_VERSION = 5.0;
				TARGETED_DEVICE_FAMILY = "1,2";
			};
			name = Release;
		};
/* End XCBuildConfiguration section */

/* Begin XCConfigurationList section */
		6CA92276295F7F1C007B270F /* Build configuration list for PBXProject "Budget" */ = {
			isa = XCConfigurationList;
			buildConfigurations = (
				6CA92288295F7F1E007B270F /* Debug */,
				6CA92289295F7F1E007B270F /* Release */,
			);
			defaultConfigurationIsVisible = 0;
			defaultConfigurationName = Release;
		};
		6CA9228A295F7F1E007B270F /* Build configuration list for PBXNativeTarget "Budget" */ = {
			isa = XCConfigurationList;
			buildConfigurations = (
				6CA9228B295F7F1E007B270F /* Debug */,
				6CA9228C295F7F1E007B270F /* Release */,
			);
			defaultConfigurationIsVisible = 0;
			defaultConfigurationName = Release;
		};
/* End XCConfigurationList section */

/* Begin XCRemoteSwiftPackageReference section */
		6C8B933C298B87C9004496DE /* XCRemoteSwiftPackageReference "refds-core" */ = {
			isa = XCRemoteSwiftPackageReference;
			repositoryURL = "https://github.com/refdsenterprise/refds-core.git";
			requirement = {
				branch = main;
				kind = branch;
			};
		};
		6CCBC2A8295F94C100FAC11C /* XCRemoteSwiftPackageReference "refds-design-system" */ = {
			isa = XCRemoteSwiftPackageReference;
			repositoryURL = "https://github.com/refdsenterprise/refds-design-system.git";
			requirement = {
				branch = develop;
				kind = branch;
			};
		};
/* End XCRemoteSwiftPackageReference section */

/* Begin XCSwiftPackageProductDependency section */
		6C11044C29A88DAF008BD3A6 /* Core */ = {
			isa = XCSwiftPackageProductDependency;
			productName = Core;
		};
		6C8B933D298B87C9004496DE /* RefdsCore */ = {
			isa = XCSwiftPackageProductDependency;
			package = 6C8B933C298B87C9004496DE /* XCRemoteSwiftPackageReference "refds-core" */;
			productName = RefdsCore;
		};
		6CBBBEE929A87F0900B63D2F /* Domain */ = {
			isa = XCSwiftPackageProductDependency;
			productName = Domain;
		};
		6CBBBEEB29A8855600B63D2F /* Data */ = {
			isa = XCSwiftPackageProductDependency;
			productName = Data;
		};
		6CCBC2A9295F94C100FAC11C /* RefdsUI */ = {
			isa = XCSwiftPackageProductDependency;
			package = 6CCBC2A8295F94C100FAC11C /* XCRemoteSwiftPackageReference "refds-design-system" */;
			productName = RefdsUI;
		};
		6CDE705A29A88B7400C9EA53 /* Presentation */ = {
			isa = XCSwiftPackageProductDependency;
			productName = Presentation;
		};
		6CE6A5DE29A8994000713612 /* Category */ = {
			isa = XCSwiftPackageProductDependency;
			productName = Category;
		};
		6CE6A5E029A899A300713612 /* Transaction */ = {
			isa = XCSwiftPackageProductDependency;
			productName = Transaction;
		};
/* End XCSwiftPackageProductDependency section */
	};
	rootObject = 6CA92273295F7F1C007B270F /* Project object */;
}
