{
  "pins" : [
    {
      "identity" : "refds-core",
      "kind" : "remoteSourceControl",
      "location" : "https://github.com/refdsenterprise/refds-core.git",
      "state" : {
        "branch" : "main",
        "revision" : "ab87abf1fbc3ccfff56a9adf4cba394d16354630"
      }
    },
    {
      "identity" : "refds-design-system",
      "kind" : "remoteSourceControl",
      "location" : "https://github.com/refdsenterprise/refds-design-system.git",
      "state" : {
        "branch" : "develop",
        "revision" : "25479c9633e1d757a83ea63d9b6300626d40da9d"
      }
    }
  ],
  "version" : 2
}
