{
  "pins" : [
    {
      "identity" : "refds-core",
      "kind" : "remoteSourceControl",
      "location" : "https://github.com/refdsenterprise/refds-core.git",
      "state" : {
        "branch" : "main",
        "revision" : "bcd105ab13f72d3cc25e54dec769aeb913068760"
      }
    },
    {
      "identity" : "refds-design-system",
      "kind" : "remoteSourceControl",
      "location" : "https://github.com/refdsenterprise/refds-design-system.git",
      "state" : {
        "branch" : "develop",
        "revision" : "7369de0c6680fe4ce0e3941a6e2a77704811219d"
      }
    },
    {
      "identity" : "refds-resource",
      "kind" : "remoteSourceControl",
      "location" : "https://github.com/refdsenterprise/refds-resource.git",
      "state" : {
        "branch" : "main",
        "revision" : "6a3f4bd730889d7b86b2424891f85d3027ab3a54"
      }
    }
  ],
  "version" : 2
}
